// !$*UTF8*$!
{
	archiveVersion = 1;
	classes = {
	};
	objectVersion = 46;
	objects = {

/* Begin PBXBuildFile section */
		4219BF1D1A5B6347007E4B5A /* AppDelegate.swift in Sources */ = {isa = PBXBuildFile; fileRef = 4219BF1C1A5B6347007E4B5A /* AppDelegate.swift */; };
		4219BF1F1A5B6347007E4B5A /* ViewController.swift in Sources */ = {isa = PBXBuildFile; fileRef = 4219BF1E1A5B6347007E4B5A /* ViewController.swift */; };
		4219BF221A5B6347007E4B5A /* Main.storyboard in Resources */ = {isa = PBXBuildFile; fileRef = 4219BF201A5B6347007E4B5A /* Main.storyboard */; };
		4219BF241A5B6347007E4B5A /* Images.xcassets in Resources */ = {isa = PBXBuildFile; fileRef = 4219BF231A5B6347007E4B5A /* Images.xcassets */; };
		4219BF271A5B6347007E4B5A /* LaunchScreen.xib in Resources */ = {isa = PBXBuildFile; fileRef = 4219BF251A5B6347007E4B5A /* LaunchScreen.xib */; };
		4219BF331A5B6347007E4B5A /* Class_4Tests.swift in Sources */ = {isa = PBXBuildFile; fileRef = 4219BF321A5B6347007E4B5A /* Class_4Tests.swift */; };
/* End PBXBuildFile section */

/* Begin PBXContainerItemProxy section */
		4219BF2D1A5B6347007E4B5A /* PBXContainerItemProxy */ = {
			isa = PBXContainerItemProxy;
			containerPortal = 4219BF0F1A5B6347007E4B5A /* Project object */;
			proxyType = 1;
			remoteGlobalIDString = 4219BF161A5B6347007E4B5A;
			remoteInfo = "Class 4";
		};
/* End PBXContainerItemProxy section */

/* Begin PBXFileReference section */
		4219BF171A5B6347007E4B5A /* Class 4.app */ = {isa = PBXFileReference; explicitFileType = wrapper.application; includeInIndex = 0; path = "Class 4.app"; sourceTree = BUILT_PRODUCTS_DIR; };
		4219BF1B1A5B6347007E4B5A /* Info.plist */ = {isa = PBXFileReference; lastKnownFileType = text.plist.xml; path = Info.plist; sourceTree = "<group>"; };
		4219BF1C1A5B6347007E4B5A /* AppDelegate.swift */ = {isa = PBXFileReference; lastKnownFileType = sourcecode.swift; path = AppDelegate.swift; sourceTree = "<group>"; };
		4219BF1E1A5B6347007E4B5A /* ViewController.swift */ = {isa = PBXFileReference; lastKnownFileType = sourcecode.swift; path = ViewController.swift; sourceTree = "<group>"; };
		4219BF211A5B6347007E4B5A /* Base */ = {isa = PBXFileReference; lastKnownFileType = file.storyboard; name = Base; path = Base.lproj/Main.storyboard; sourceTree = "<group>"; };
		4219BF231A5B6347007E4B5A /* Images.xcassets */ = {isa = PBXFileReference; lastKnownFileType = folder.assetcatalog; path = Images.xcassets; sourceTree = "<group>"; };
		4219BF261A5B6347007E4B5A /* Base */ = {isa = PBXFileReference; lastKnownFileType = file.xib; name = Base; path = Base.lproj/LaunchScreen.xib; sourceTree = "<group>"; };
		4219BF2C1A5B6347007E4B5A /* Class 4Tests.xctest */ = {isa = PBXFileReference; explicitFileType = wrapper.cfbundle; includeInIndex = 0; path = "Class 4Tests.xctest"; sourceTree = BUILT_PRODUCTS_DIR; };
		4219BF311A5B6347007E4B5A /* Info.plist */ = {isa = PBXFileReference; lastKnownFileType = text.plist.xml; path = Info.plist; sourceTree = "<group>"; };
		4219BF321A5B6347007E4B5A /* Class_4Tests.swift */ = {isa = PBXFileReference; lastKnownFileType = sourcecode.swift; path = Class_4Tests.swift; sourceTree = "<group>"; };
/* End PBXFileReference section */

/* Begin PBXFrameworksBuildPhase section */
		4219BF141A5B6347007E4B5A /* Frameworks */ = {
			isa = PBXFrameworksBuildPhase;
			buildActionMask = 2147483647;
			files = (
			);
			runOnlyForDeploymentPostprocessing = 0;
		};
		4219BF291A5B6347007E4B5A /* Frameworks */ = {
			isa = PBXFrameworksBuildPhase;
			buildActionMask = 2147483647;
			files = (
			);
			runOnlyForDeploymentPostprocessing = 0;
		};
/* End PBXFrameworksBuildPhase section */

/* Begin PBXGroup section */
		4219BF0E1A5B6347007E4B5A = {
			isa = PBXGroup;
			children = (
				4219BF191A5B6347007E4B5A /* Class 4 */,
				4219BF2F1A5B6347007E4B5A /* Class 4Tests */,
				4219BF181A5B6347007E4B5A /* Products */,
			);
			sourceTree = "<group>";
		};
		4219BF181A5B6347007E4B5A /* Products */ = {
			isa = PBXGroup;
			children = (
				4219BF171A5B6347007E4B5A /* Class 4.app */,
				4219BF2C1A5B6347007E4B5A /* Class 4Tests.xctest */,
			);
			name = Products;
			sourceTree = "<group>";
		};
		4219BF191A5B6347007E4B5A /* Class 4 */ = {
			isa = PBXGroup;
			children = (
				4219BF1C1A5B6347007E4B5A /* AppDelegate.swift */,
				4219BF1E1A5B6347007E4B5A /* ViewController.swift */,
				4219BF201A5B6347007E4B5A /* Main.storyboard */,
				4219BF231A5B6347007E4B5A /* Images.xcassets */,
				4219BF251A5B6347007E4B5A /* LaunchScreen.xib */,
				4219BF1A1A5B6347007E4B5A /* Supporting Files */,
			);
			path = "Class 4";
			sourceTree = "<group>";
		};
		4219BF1A1A5B6347007E4B5A /* Supporting Files */ = {
			isa = PBXGroup;
			children = (
				4219BF1B1A5B6347007E4B5A /* Info.plist */,
			);
			name = "Supporting Files";
			sourceTree = "<group>";
		};
		4219BF2F1A5B6347007E4B5A /* Class 4Tests */ = {
			isa = PBXGroup;
			children = (
				4219BF321A5B6347007E4B5A /* Class_4Tests.swift */,
				4219BF301A5B6347007E4B5A /* Supporting Files */,
			);
			path = "Class 4Tests";
			sourceTree = "<group>";
		};
		4219BF301A5B6347007E4B5A /* Supporting Files */ = {
			isa = PBXGroup;
			children = (
				4219BF311A5B6347007E4B5A /* Info.plist */,
			);
			name = "Supporting Files";
			sourceTree = "<group>";
		};
/* End PBXGroup section */

/* Begin PBXNativeTarget section */
		4219BF161A5B6347007E4B5A /* Class 4 */ = {
			isa = PBXNativeTarget;
			buildConfigurationList = 4219BF361A5B6347007E4B5A /* Build configuration list for PBXNativeTarget "Class 4" */;
			buildPhases = (
				4219BF131A5B6347007E4B5A /* Sources */,
				4219BF141A5B6347007E4B5A /* Frameworks */,
				4219BF151A5B6347007E4B5A /* Resources */,
			);
			buildRules = (
			);
			dependencies = (
			);
			name = "Class 4";
			productName = "Class 4";
			productReference = 4219BF171A5B6347007E4B5A /* Class 4.app */;
			productType = "com.apple.product-type.application";
		};
		4219BF2B1A5B6347007E4B5A /* Class 4Tests */ = {
			isa = PBXNativeTarget;
			buildConfigurationList = 4219BF391A5B6347007E4B5A /* Build configuration list for PBXNativeTarget "Class 4Tests" */;
			buildPhases = (
				4219BF281A5B6347007E4B5A /* Sources */,
				4219BF291A5B6347007E4B5A /* Frameworks */,
				4219BF2A1A5B6347007E4B5A /* Resources */,
			);
			buildRules = (
			);
			dependencies = (
				4219BF2E1A5B6347007E4B5A /* PBXTargetDependency */,
			);
			name = "Class 4Tests";
			productName = "Class 4Tests";
			productReference = 4219BF2C1A5B6347007E4B5A /* Class 4Tests.xctest */;
			productType = "com.apple.product-type.bundle.unit-test";
		};
/* End PBXNativeTarget section */

/* Begin PBXProject section */
		4219BF0F1A5B6347007E4B5A /* Project object */ = {
			isa = PBXProject;
			attributes = {
				LastUpgradeCheck = 0610;
				ORGANIZATIONNAME = "Lisa A Clark";
				TargetAttributes = {
					4219BF161A5B6347007E4B5A = {
						CreatedOnToolsVersion = 6.1.1;
					};
					4219BF2B1A5B6347007E4B5A = {
						CreatedOnToolsVersion = 6.1.1;
						TestTargetID = 4219BF161A5B6347007E4B5A;
					};
				};
			};
			buildConfigurationList = 4219BF121A5B6347007E4B5A /* Build configuration list for PBXProject "Class 4" */;
			compatibilityVersion = "Xcode 3.2";
			developmentRegion = English;
			hasScannedForEncodings = 0;
			knownRegions = (
				en,
				Base,
			);
			mainGroup = 4219BF0E1A5B6347007E4B5A;
			productRefGroup = 4219BF181A5B6347007E4B5A /* Products */;
			projectDirPath = "";
			projectRoot = "";
			targets = (
				4219BF161A5B6347007E4B5A /* Class 4 */,
				4219BF2B1A5B6347007E4B5A /* Class 4Tests */,
			);
		};
/* End PBXProject section */

/* Begin PBXResourcesBuildPhase section */
		4219BF151A5B6347007E4B5A /* Resources */ = {
			isa = PBXResourcesBuildPhase;
			buildActionMask = 2147483647;
			files = (
				4219BF221A5B6347007E4B5A /* Main.storyboard in Resources */,
				4219BF271A5B6347007E4B5A /* LaunchScreen.xib in Resources */,
				4219BF241A5B6347007E4B5A /* Images.xcassets in Resources */,
			);
			runOnlyForDeploymentPostprocessing = 0;
		};
		4219BF2A1A5B6347007E4B5A /* Resources */ = {
			isa = PBXResourcesBuildPhase;
			buildActionMask = 2147483647;
			files = (
			);
			runOnlyForDeploymentPostprocessing = 0;
		};
/* End PBXResourcesBuildPhase section */

/* Begin PBXSourcesBuildPhase section */
		4219BF131A5B6347007E4B5A /* Sources */ = {
			isa = PBXSourcesBuildPhase;
			buildActionMask = 2147483647;
			files = (
				4219BF1F1A5B6347007E4B5A /* ViewController.swift in Sources */,
				4219BF1D1A5B6347007E4B5A /* AppDelegate.swift in Sources */,
			);
			runOnlyForDeploymentPostprocessing = 0;
		};
		4219BF281A5B6347007E4B5A /* Sources */ = {
			isa = PBXSourcesBuildPhase;
			buildActionMask = 2147483647;
			files = (
				4219BF331A5B6347007E4B5A /* Class_4Tests.swift in Sources */,
			);
			runOnlyForDeploymentPostprocessing = 0;
		};
/* End PBXSourcesBuildPhase section */

/* Begin PBXTargetDependency section */
		4219BF2E1A5B6347007E4B5A /* PBXTargetDependency */ = {
			isa = PBXTargetDependency;
			target = 4219BF161A5B6347007E4B5A /* Class 4 */;
			targetProxy = 4219BF2D1A5B6347007E4B5A /* PBXContainerItemProxy */;
		};
/* End PBXTargetDependency section */

/* Begin PBXVariantGroup section */
		4219BF201A5B6347007E4B5A /* Main.storyboard */ = {
			isa = PBXVariantGroup;
			children = (
				4219BF211A5B6347007E4B5A /* Base */,
			);
			name = Main.storyboard;
			sourceTree = "<group>";
		};
		4219BF251A5B6347007E4B5A /* LaunchScreen.xib */ = {
			isa = PBXVariantGroup;
			children = (
				4219BF261A5B6347007E4B5A /* Base */,
			);
			name = LaunchScreen.xib;
			sourceTree = "<group>";
		};
/* End PBXVariantGroup section */

/* Begin XCBuildConfiguration section */
		4219BF341A5B6347007E4B5A /* Debug */ = {
			isa = XCBuildConfiguration;
			buildSettings = {
				ALWAYS_SEARCH_USER_PATHS = NO;
				CLANG_CXX_LANGUAGE_STANDARD = "gnu++0x";
				CLANG_CXX_LIBRARY = "libc++";
				CLANG_ENABLE_MODULES = YES;
				CLANG_ENABLE_OBJC_ARC = YES;
				CLANG_WARN_BOOL_CONVERSION = YES;
				CLANG_WARN_CONSTANT_CONVERSION = YES;
				CLANG_WARN_DIRECT_OBJC_ISA_USAGE = YES_ERROR;
				CLANG_WARN_EMPTY_BODY = YES;
				CLANG_WARN_ENUM_CONVERSION = YES;
				CLANG_WARN_INT_CONVERSION = YES;
				CLANG_WARN_OBJC_ROOT_CLASS = YES_ERROR;
				CLANG_WARN_UNREACHABLE_CODE = YES;
				CLANG_WARN__DUPLICATE_METHOD_MATCH = YES;
				"CODE_SIGN_IDENTITY[sdk=iphoneos*]" = "iPhone Developer";
				COPY_PHASE_STRIP = NO;
				ENABLE_STRICT_OBJC_MSGSEND = YES;
				GCC_C_LANGUAGE_STANDARD = gnu99;
				GCC_DYNAMIC_NO_PIC = NO;
				GCC_OPTIMIZATION_LEVEL = 0;
				GCC_PREPROCESSOR_DEFINITIONS = (
					"DEBUG=1",
					"$(inherited)",
				);
				GCC_SYMBOLS_PRIVATE_EXTERN = NO;
				GCC_WARN_64_TO_32_BIT_CONVERSION = YES;
				GCC_WARN_ABOUT_RETURN_TYPE = YES_ERROR;
				GCC_WARN_UNDECLARED_SELECTOR = YES;
				GCC_WARN_UNINITIALIZED_AUTOS = YES_AGGRESSIVE;
				GCC_WARN_UNUSED_FUNCTION = YES;
				GCC_WARN_UNUSED_VARIABLE = YES;
				IPHONEOS_DEPLOYMENT_TARGET = 8.1;
				MTL_ENABLE_DEBUG_INFO = YES;
				ONLY_ACTIVE_ARCH = YES;
				SDKROOT = iphoneos;
				SWIFT_OPTIMIZATION_LEVEL = "-Onone";
			};
			name = Debug;
		};
		4219BF351A5B6347007E4B5A /* Release */ = {
			isa = XCBuildConfiguration;
			buildSettings = {
				ALWAYS_SEARCH_USER_PATHS = NO;
				CLANG_CXX_LANGUAGE_STANDARD = "gnu++0x";
				CLANG_CXX_LIBRARY = "libc++";
				CLANG_ENABLE_MODULES = YES;
				CLANG_ENABLE_OBJC_ARC = YES;
				CLANG_WARN_BOOL_CONVERSION = YES;
				CLANG_WARN_CONSTANT_CONVERSION = YES;
				CLANG_WARN_DIRECT_OBJC_ISA_USAGE = YES_ERROR;
				CLANG_WARN_EMPTY_BODY = YES;
				CLANG_WARN_ENUM_CONVERSION = YES;
				CLANG_WARN_INT_CONVERSION = YES;
				CLANG_WARN_OBJC_ROOT_CLASS = YES_ERROR;
				CLANG_WARN_UNREACHABLE_CODE = YES;
				CLANG_WARN__DUPLICATE_METHOD_MATCH = YES;
				"CODE_SIGN_IDENTITY[sdk=iphoneos*]" = "iPhone Developer";
				COPY_PHASE_STRIP = YES;
				ENABLE_NS_ASSERTIONS = NO;
				ENABLE_STRICT_OBJC_MSGSEND = YES;
				GCC_C_LANGUAGE_STANDARD = gnu99;
				GCC_WARN_64_TO_32_BIT_CONVERSION = YES;
				GCC_WARN_ABOUT_RETURN_TYPE = YES_ERROR;
				GCC_WARN_UNDECLARED_SELECTOR = YES;
				GCC_WARN_UNINITIALIZED_AUTOS = YES_AGGRESSIVE;
				GCC_WARN_UNUSED_FUNCTION = YES;
				GCC_WARN_UNUSED_VARIABLE = YES;
				IPHONEOS_DEPLOYMENT_TARGET = 8.1;
				MTL_ENABLE_DEBUG_INFO = NO;
				SDKROOT = iphoneos;
				VALIDATE_PRODUCT = YES;
			};
			name = Release;
		};
		4219BF371A5B6347007E4B5A /* Debug */ = {
			isa = XCBuildConfiguration;
			buildSettings = {
				ASSETCATALOG_COMPILER_APPICON_NAME = AppIcon;
				INFOPLIST_FILE = "Class 4/Info.plist";
				LD_RUNPATH_SEARCH_PATHS = "$(inherited) @executable_path/Frameworks";
				PRODUCT_NAME = "$(TARGET_NAME)";
			};
			name = Debug;
		};
		4219BF381A5B6347007E4B5A /* Release */ = {
			isa = XCBuildConfiguration;
			buildSettings = {
				ASSETCATALOG_COMPILER_APPICON_NAME = AppIcon;
				INFOPLIST_FILE = "Class 4/Info.plist";
				LD_RUNPATH_SEARCH_PATHS = "$(inherited) @executable_path/Frameworks";
				PRODUCT_NAME = "$(TARGET_NAME)";
			};
			name = Release;
		};
		4219BF3A1A5B6347007E4B5A /* Debug */ = {
			isa = XCBuildConfiguration;
			buildSettings = {
				BUNDLE_LOADER = "$(TEST_HOST)";
				FRAMEWORK_SEARCH_PATHS = (
					"$(SDKROOT)/Developer/Library/Frameworks",
					"$(inherited)",
				);
				GCC_PREPROCESSOR_DEFINITIONS = (
					"DEBUG=1",
					"$(inherited)",
				);
				INFOPLIST_FILE = "Class 4Tests/Info.plist";
				LD_RUNPATH_SEARCH_PATHS = "$(inherited) @executable_path/Frameworks @loader_path/Frameworks";
				PRODUCT_NAME = "$(TARGET_NAME)";
				TEST_HOST = "$(BUILT_PRODUCTS_DIR)/Class 4.app/Class 4";
			};
			name = Debug;
		};
		4219BF3B1A5B6347007E4B5A /* Release */ = {
			isa = XCBuildConfiguration;
			buildSettings = {
				BUNDLE_LOADER = "$(TEST_HOST)";
				FRAMEWORK_SEARCH_PATHS = (
					"$(SDKROOT)/Developer/Library/Frameworks",
					"$(inherited)",
				);
				INFOPLIST_FILE = "Class 4Tests/Info.plist";
				LD_RUNPATH_SEARCH_PATHS = "$(inherited) @executable_path/Frameworks @loader_path/Frameworks";
				PRODUCT_NAME = "$(TARGET_NAME)";
				TEST_HOST = "$(BUILT_PRODUCTS_DIR)/Class 4.app/Class 4";
			};
			name = Release;
		};
/* End XCBuildConfiguration section */

/* Begin XCConfigurationList section */
		4219BF121A5B6347007E4B5A /* Build configuration list for PBXProject "Class 4" */ = {
			isa = XCConfigurationList;
			buildConfigurations = (
				4219BF341A5B6347007E4B5A /* Debug */,
				4219BF351A5B6347007E4B5A /* Release */,
			);
			defaultConfigurationIsVisible = 0;
			defaultConfigurationName = Release;
		};
		4219BF361A5B6347007E4B5A /* Build configuration list for PBXNativeTarget "Class 4" */ = {
			isa = XCConfigurationList;
			buildConfigurations = (
				4219BF371A5B6347007E4B5A /* Debug */,
				4219BF381A5B6347007E4B5A /* Release */,
			);
			defaultConfigurationIsVisible = 0;
		};
		4219BF391A5B6347007E4B5A /* Build configuration list for PBXNativeTarget "Class 4Tests" */ = {
			isa = XCConfigurationList;
			buildConfigurations = (
				4219BF3A1A5B6347007E4B5A /* Debug */,
				4219BF3B1A5B6347007E4B5A /* Release */,
			);
			defaultConfigurationIsVisible = 0;
		};
/* End XCConfigurationList section */
	};
	rootObject = 4219BF0F1A5B6347007E4B5A /* Project object */;
}
