// !$*UTF8*$!
{
	archiveVersion = 1;
	classes = {
	};
	objectVersion = 46;
	objects = {

/* Begin PBXBuildFile section */
		424C66821A48EB8500832B2C /* AppDelegate.swift in Sources */ = {isa = PBXBuildFile; fileRef = 424C66811A48EB8500832B2C /* AppDelegate.swift */; };
		424C66841A48EB8500832B2C /* ViewController.swift in Sources */ = {isa = PBXBuildFile; fileRef = 424C66831A48EB8500832B2C /* ViewController.swift */; };
		424C66871A48EB8500832B2C /* Main.storyboard in Resources */ = {isa = PBXBuildFile; fileRef = 424C66851A48EB8500832B2C /* Main.storyboard */; };
		424C66891A48EB8500832B2C /* Images.xcassets in Resources */ = {isa = PBXBuildFile; fileRef = 424C66881A48EB8500832B2C /* Images.xcassets */; };
		424C668C1A48EB8500832B2C /* LaunchScreen.xib in Resources */ = {isa = PBXBuildFile; fileRef = 424C668A1A48EB8500832B2C /* LaunchScreen.xib */; };
		424C66981A48EB8500832B2C /* Storyboard_DemoTests.swift in Sources */ = {isa = PBXBuildFile; fileRef = 424C66971A48EB8500832B2C /* Storyboard_DemoTests.swift */; };
		424C66D41A48FD7E00832B2C /* sample-01-refresh.png in Resources */ = {isa = PBXBuildFile; fileRef = 424C66A21A48FD7E00832B2C /* sample-01-refresh.png */; };
		424C66D51A48FD7E00832B2C /* sample-02-redo.png in Resources */ = {isa = PBXBuildFile; fileRef = 424C66A31A48FD7E00832B2C /* sample-02-redo.png */; };
		424C66D61A48FD7E00832B2C /* sample-03-loopback.png in Resources */ = {isa = PBXBuildFile; fileRef = 424C66A41A48FD7E00832B2C /* sample-03-loopback.png */; };
		424C66D71A48FD7E00832B2C /* sample-04-squiggle.png in Resources */ = {isa = PBXBuildFile; fileRef = 424C66A51A48FD7E00832B2C /* sample-04-squiggle.png */; };
		424C66D81A48FD7E00832B2C /* sample-05-shuffle.png in Resources */ = {isa = PBXBuildFile; fileRef = 424C66A61A48FD7E00832B2C /* sample-05-shuffle.png */; };
		424C66D91A48FD7E00832B2C /* sample-302-swords.png in Resources */ = {isa = PBXBuildFile; fileRef = 424C66A71A48FD7E00832B2C /* sample-302-swords.png */; };
		424C66DA1A48FD7E00832B2C /* sample-305-palm-tree.png in Resources */ = {isa = PBXBuildFile; fileRef = 424C66A81A48FD7E00832B2C /* sample-305-palm-tree.png */; };
		424C66DB1A48FD7E00832B2C /* sample-307-atom.png in Resources */ = {isa = PBXBuildFile; fileRef = 424C66A91A48FD7E00832B2C /* sample-307-atom.png */; };
		424C66DC1A48FD7E00832B2C /* sample-316-truck.png in Resources */ = {isa = PBXBuildFile; fileRef = 424C66AA1A48FD7E00832B2C /* sample-316-truck.png */; };
		424C66DD1A48FD7E00832B2C /* sample-321-like.png in Resources */ = {isa = PBXBuildFile; fileRef = 424C66AB1A48FD7E00832B2C /* sample-321-like.png */; };
		424C66DE1A48FD7E00832B2C /* sample-335-magic-wand.png in Resources */ = {isa = PBXBuildFile; fileRef = 424C66AC1A48FD7E00832B2C /* sample-335-magic-wand.png */; };
		424C66DF1A48FD7E00832B2C /* sample-379-barbell.png in Resources */ = {isa = PBXBuildFile; fileRef = 424C66AD1A48FD7E00832B2C /* sample-379-barbell.png */; };
		424C66E01A48FD7E00832B2C /* sample-394-bank.png in Resources */ = {isa = PBXBuildFile; fileRef = 424C66AE1A48FD7E00832B2C /* sample-394-bank.png */; };
		424C66E11A48FD7E00832B2C /* sample-401-globe.png in Resources */ = {isa = PBXBuildFile; fileRef = 424C66AF1A48FD7E00832B2C /* sample-401-globe.png */; };
		424C66E21A48FD7E00832B2C /* sample-405-test-tube.png in Resources */ = {isa = PBXBuildFile; fileRef = 424C66B01A48FD7E00832B2C /* sample-405-test-tube.png */; };
		424C66E31A48FD7E00832B2C /* sample-504-doghouse.png in Resources */ = {isa = PBXBuildFile; fileRef = 424C66B11A48FD7E00832B2C /* sample-504-doghouse.png */; };
		424C66E41A48FD7E00832B2C /* sample-518-filter.png in Resources */ = {isa = PBXBuildFile; fileRef = 424C66B21A48FD7E00832B2C /* sample-518-filter.png */; };
		424C66E51A48FD7E00832B2C /* sample-552-flag-1.png in Resources */ = {isa = PBXBuildFile; fileRef = 424C66B31A48FD7E00832B2C /* sample-552-flag-1.png */; };
		424C66E61A48FD7E00832B2C /* sample-583-broadcast.png in Resources */ = {isa = PBXBuildFile; fileRef = 424C66B41A48FD7E00832B2C /* sample-583-broadcast.png */; };
		424C66E71A48FD7E00832B2C /* sample-603-anchor.png in Resources */ = {isa = PBXBuildFile; fileRef = 424C66B51A48FD7E00832B2C /* sample-603-anchor.png */; };
		424C66E81A48FD7E00832B2C /* sample-776-recycle@2x.png in Resources */ = {isa = PBXBuildFile; fileRef = 424C66B61A48FD7E00832B2C /* sample-776-recycle@2x.png */; };
		424C66E91A48FD7E00832B2C /* sample-820-bathtub@2x.png in Resources */ = {isa = PBXBuildFile; fileRef = 424C66B71A48FD7E00832B2C /* sample-820-bathtub@2x.png */; };
		424C66EA1A48FD7E00832B2C /* sample-821-stamp@2x.png in Resources */ = {isa = PBXBuildFile; fileRef = 424C66B81A48FD7E00832B2C /* sample-821-stamp@2x.png */; };
		424C66EB1A48FD7E00832B2C /* sample-834-bolt@2x.png in Resources */ = {isa = PBXBuildFile; fileRef = 424C66B91A48FD7E00832B2C /* sample-834-bolt@2x.png */; };
		424C66EC1A48FD7E00832B2C /* sample-844-trumpet@2x.png in Resources */ = {isa = PBXBuildFile; fileRef = 424C66BA1A48FD7E00832B2C /* sample-844-trumpet@2x.png */; };
		424C66ED1A48FD7E00832B2C /* sample-853-fence@2x.png in Resources */ = {isa = PBXBuildFile; fileRef = 424C66BB1A48FD7E00832B2C /* sample-853-fence@2x.png */; };
		424C66EE1A48FD7E00832B2C /* sample-855-door@2x.png in Resources */ = {isa = PBXBuildFile; fileRef = 424C66BC1A48FD7E00832B2C /* sample-855-door@2x.png */; };
		424C66EF1A48FD7E00832B2C /* sample-881-globe@2x.png in Resources */ = {isa = PBXBuildFile; fileRef = 424C66BD1A48FD7E00832B2C /* sample-881-globe@2x.png */; };
		424C66F01A48FD7E00832B2C /* sample-886-ice-cream-cone@2x.png in Resources */ = {isa = PBXBuildFile; fileRef = 424C66BE1A48FD7E00832B2C /* sample-886-ice-cream-cone@2x.png */; };
		424C66F11A48FD7E00832B2C /* sample-894-t-shirt@2x.png in Resources */ = {isa = PBXBuildFile; fileRef = 424C66BF1A48FD7E00832B2C /* sample-894-t-shirt@2x.png */; };
		424C66F21A48FD7E00832B2C /* sample-908-target@2x.png in Resources */ = {isa = PBXBuildFile; fileRef = 424C66C01A48FD7E00832B2C /* sample-908-target@2x.png */; };
		424C66F31A48FD7E00832B2C /* sample-920-handbag@2x.png in Resources */ = {isa = PBXBuildFile; fileRef = 424C66C11A48FD7E00832B2C /* sample-920-handbag@2x.png */; };
		424C66F41A48FD7E00832B2C /* sample-935-power-socket@2x.png in Resources */ = {isa = PBXBuildFile; fileRef = 424C66C21A48FD7E00832B2C /* sample-935-power-socket@2x.png */; };
		424C66F51A48FD7E00832B2C /* sample-976-bow-and-arrow@2x.png in Resources */ = {isa = PBXBuildFile; fileRef = 424C66C31A48FD7E00832B2C /* sample-976-bow-and-arrow@2x.png */; };
		424C66F61A48FD7E00832B2C /* sample-986-ghost@2x.png in Resources */ = {isa = PBXBuildFile; fileRef = 424C66C41A48FD7E00832B2C /* sample-986-ghost@2x.png */; };
		424C66F71A48FD7E00832B2C /* sample-1004-voicemail@2x.png in Resources */ = {isa = PBXBuildFile; fileRef = 424C66C51A48FD7E00832B2C /* sample-1004-voicemail@2x.png */; };
		424C66F81A48FD7E00832B2C /* sample-1012-sticky-note@2x.png in Resources */ = {isa = PBXBuildFile; fileRef = 424C66C61A48FD7E00832B2C /* sample-1012-sticky-note@2x.png */; };
		424C66F91A48FD7E00832B2C /* sample-1013-hammer@2x.png in Resources */ = {isa = PBXBuildFile; fileRef = 424C66C71A48FD7E00832B2C /* sample-1013-hammer@2x.png */; };
		424C66FA1A48FD7E00832B2C /* sample-1040-checkmark@2x.png in Resources */ = {isa = PBXBuildFile; fileRef = 424C66C81A48FD7E00832B2C /* sample-1040-checkmark@2x.png */; };
		424C66FB1A48FD7E00832B2C /* sample-1049-at-sign@2x.png in Resources */ = {isa = PBXBuildFile; fileRef = 424C66C91A48FD7E00832B2C /* sample-1049-at-sign@2x.png */; };
		424C66FC1A48FD7E00832B2C /* sample-1055-ticket@2x.png in Resources */ = {isa = PBXBuildFile; fileRef = 424C66CA1A48FD7E00832B2C /* sample-1055-ticket@2x.png */; };
		424C66FD1A48FD7E00832B2C /* sample-1067-enter-fullscreen@2x.png in Resources */ = {isa = PBXBuildFile; fileRef = 424C66CB1A48FD7E00832B2C /* sample-1067-enter-fullscreen@2x.png */; };
		424C66FE1A48FD7E00832B2C /* sample-1079-fork-path@2x.png in Resources */ = {isa = PBXBuildFile; fileRef = 424C66CC1A48FD7E00832B2C /* sample-1079-fork-path@2x.png */; };
		424C66FF1A48FD7E00832B2C /* sample-1082-merge@2x.png in Resources */ = {isa = PBXBuildFile; fileRef = 424C66CD1A48FD7E00832B2C /* sample-1082-merge@2x.png */; };
		424C67001A48FD7E00832B2C /* sample-1093-lightning-bolt-2@2x.png in Resources */ = {isa = PBXBuildFile; fileRef = 424C66CE1A48FD7E00832B2C /* sample-1093-lightning-bolt-2@2x.png */; };
		424C67011A48FD7E00832B2C /* sample-1111-flick-left@2x.png in Resources */ = {isa = PBXBuildFile; fileRef = 424C66CF1A48FD7E00832B2C /* sample-1111-flick-left@2x.png */; };
		424C67021A48FD7E00832B2C /* sample-1116-slayer-hand@2x.png in Resources */ = {isa = PBXBuildFile; fileRef = 424C66D01A48FD7E00832B2C /* sample-1116-slayer-hand@2x.png */; };
		424C67031A48FD7E00832B2C /* sample-1144-baseball-helmet@2x.png in Resources */ = {isa = PBXBuildFile; fileRef = 424C66D11A48FD7E00832B2C /* sample-1144-baseball-helmet@2x.png */; };
		424C67041A48FD7E00832B2C /* sample-1189-snake@2x.png in Resources */ = {isa = PBXBuildFile; fileRef = 424C66D21A48FD7E00832B2C /* sample-1189-snake@2x.png */; };
		424C67051A48FD7E00832B2C /* sample-1240-group-error@2x.png in Resources */ = {isa = PBXBuildFile; fileRef = 424C66D31A48FD7E00832B2C /* sample-1240-group-error@2x.png */; };
/* End PBXBuildFile section */

/* Begin PBXContainerItemProxy section */
		424C66921A48EB8500832B2C /* PBXContainerItemProxy */ = {
			isa = PBXContainerItemProxy;
			containerPortal = 424C66741A48EB8500832B2C /* Project object */;
			proxyType = 1;
			remoteGlobalIDString = 424C667B1A48EB8500832B2C;
			remoteInfo = "Storyboard Demo";
		};
/* End PBXContainerItemProxy section */

/* Begin PBXFileReference section */
		424C667C1A48EB8500832B2C /* Storyboard Demo.app */ = {isa = PBXFileReference; explicitFileType = wrapper.application; includeInIndex = 0; path = "Storyboard Demo.app"; sourceTree = BUILT_PRODUCTS_DIR; };
		424C66801A48EB8500832B2C /* Info.plist */ = {isa = PBXFileReference; lastKnownFileType = text.plist.xml; path = Info.plist; sourceTree = "<group>"; };
		424C66811A48EB8500832B2C /* AppDelegate.swift */ = {isa = PBXFileReference; lastKnownFileType = sourcecode.swift; path = AppDelegate.swift; sourceTree = "<group>"; };
		424C66831A48EB8500832B2C /* ViewController.swift */ = {isa = PBXFileReference; lastKnownFileType = sourcecode.swift; path = ViewController.swift; sourceTree = "<group>"; };
		424C66861A48EB8500832B2C /* Base */ = {isa = PBXFileReference; lastKnownFileType = file.storyboard; name = Base; path = Base.lproj/Main.storyboard; sourceTree = "<group>"; };
		424C66881A48EB8500832B2C /* Images.xcassets */ = {isa = PBXFileReference; lastKnownFileType = folder.assetcatalog; path = Images.xcassets; sourceTree = "<group>"; };
		424C668B1A48EB8500832B2C /* Base */ = {isa = PBXFileReference; lastKnownFileType = file.xib; name = Base; path = Base.lproj/LaunchScreen.xib; sourceTree = "<group>"; };
		424C66911A48EB8500832B2C /* Storyboard DemoTests.xctest */ = {isa = PBXFileReference; explicitFileType = wrapper.cfbundle; includeInIndex = 0; path = "Storyboard DemoTests.xctest"; sourceTree = BUILT_PRODUCTS_DIR; };
		424C66961A48EB8500832B2C /* Info.plist */ = {isa = PBXFileReference; lastKnownFileType = text.plist.xml; path = Info.plist; sourceTree = "<group>"; };
		424C66971A48EB8500832B2C /* Storyboard_DemoTests.swift */ = {isa = PBXFileReference; lastKnownFileType = sourcecode.swift; path = Storyboard_DemoTests.swift; sourceTree = "<group>"; };
		424C66A21A48FD7E00832B2C /* sample-01-refresh.png */ = {isa = PBXFileReference; lastKnownFileType = image.png; path = "sample-01-refresh.png"; sourceTree = "<group>"; };
		424C66A31A48FD7E00832B2C /* sample-02-redo.png */ = {isa = PBXFileReference; lastKnownFileType = image.png; path = "sample-02-redo.png"; sourceTree = "<group>"; };
		424C66A41A48FD7E00832B2C /* sample-03-loopback.png */ = {isa = PBXFileReference; lastKnownFileType = image.png; path = "sample-03-loopback.png"; sourceTree = "<group>"; };
		424C66A51A48FD7E00832B2C /* sample-04-squiggle.png */ = {isa = PBXFileReference; lastKnownFileType = image.png; path = "sample-04-squiggle.png"; sourceTree = "<group>"; };
		424C66A61A48FD7E00832B2C /* sample-05-shuffle.png */ = {isa = PBXFileReference; lastKnownFileType = image.png; path = "sample-05-shuffle.png"; sourceTree = "<group>"; };
		424C66A71A48FD7E00832B2C /* sample-302-swords.png */ = {isa = PBXFileReference; lastKnownFileType = image.png; path = "sample-302-swords.png"; sourceTree = "<group>"; };
		424C66A81A48FD7E00832B2C /* sample-305-palm-tree.png */ = {isa = PBXFileReference; lastKnownFileType = image.png; path = "sample-305-palm-tree.png"; sourceTree = "<group>"; };
		424C66A91A48FD7E00832B2C /* sample-307-atom.png */ = {isa = PBXFileReference; lastKnownFileType = image.png; path = "sample-307-atom.png"; sourceTree = "<group>"; };
		424C66AA1A48FD7E00832B2C /* sample-316-truck.png */ = {isa = PBXFileReference; lastKnownFileType = image.png; path = "sample-316-truck.png"; sourceTree = "<group>"; };
		424C66AB1A48FD7E00832B2C /* sample-321-like.png */ = {isa = PBXFileReference; lastKnownFileType = image.png; path = "sample-321-like.png"; sourceTree = "<group>"; };
		424C66AC1A48FD7E00832B2C /* sample-335-magic-wand.png */ = {isa = PBXFileReference; lastKnownFileType = image.png; path = "sample-335-magic-wand.png"; sourceTree = "<group>"; };
		424C66AD1A48FD7E00832B2C /* sample-379-barbell.png */ = {isa = PBXFileReference; lastKnownFileType = image.png; path = "sample-379-barbell.png"; sourceTree = "<group>"; };
		424C66AE1A48FD7E00832B2C /* sample-394-bank.png */ = {isa = PBXFileReference; lastKnownFileType = image.png; path = "sample-394-bank.png"; sourceTree = "<group>"; };
		424C66AF1A48FD7E00832B2C /* sample-401-globe.png */ = {isa = PBXFileReference; lastKnownFileType = image.png; path = "sample-401-globe.png"; sourceTree = "<group>"; };
		424C66B01A48FD7E00832B2C /* sample-405-test-tube.png */ = {isa = PBXFileReference; lastKnownFileType = image.png; path = "sample-405-test-tube.png"; sourceTree = "<group>"; };
		424C66B11A48FD7E00832B2C /* sample-504-doghouse.png */ = {isa = PBXFileReference; lastKnownFileType = image.png; path = "sample-504-doghouse.png"; sourceTree = "<group>"; };
		424C66B21A48FD7E00832B2C /* sample-518-filter.png */ = {isa = PBXFileReference; lastKnownFileType = image.png; path = "sample-518-filter.png"; sourceTree = "<group>"; };
		424C66B31A48FD7E00832B2C /* sample-552-flag-1.png */ = {isa = PBXFileReference; lastKnownFileType = image.png; path = "sample-552-flag-1.png"; sourceTree = "<group>"; };
		424C66B41A48FD7E00832B2C /* sample-583-broadcast.png */ = {isa = PBXFileReference; lastKnownFileType = image.png; path = "sample-583-broadcast.png"; sourceTree = "<group>"; };
		424C66B51A48FD7E00832B2C /* sample-603-anchor.png */ = {isa = PBXFileReference; lastKnownFileType = image.png; path = "sample-603-anchor.png"; sourceTree = "<group>"; };
		424C66B61A48FD7E00832B2C /* sample-776-recycle@2x.png */ = {isa = PBXFileReference; lastKnownFileType = image.png; path = "sample-776-recycle@2x.png"; sourceTree = "<group>"; };
		424C66B71A48FD7E00832B2C /* sample-820-bathtub@2x.png */ = {isa = PBXFileReference; lastKnownFileType = image.png; path = "sample-820-bathtub@2x.png"; sourceTree = "<group>"; };
		424C66B81A48FD7E00832B2C /* sample-821-stamp@2x.png */ = {isa = PBXFileReference; lastKnownFileType = image.png; path = "sample-821-stamp@2x.png"; sourceTree = "<group>"; };
		424C66B91A48FD7E00832B2C /* sample-834-bolt@2x.png */ = {isa = PBXFileReference; lastKnownFileType = image.png; path = "sample-834-bolt@2x.png"; sourceTree = "<group>"; };
		424C66BA1A48FD7E00832B2C /* sample-844-trumpet@2x.png */ = {isa = PBXFileReference; lastKnownFileType = image.png; path = "sample-844-trumpet@2x.png"; sourceTree = "<group>"; };
		424C66BB1A48FD7E00832B2C /* sample-853-fence@2x.png */ = {isa = PBXFileReference; lastKnownFileType = image.png; path = "sample-853-fence@2x.png"; sourceTree = "<group>"; };
		424C66BC1A48FD7E00832B2C /* sample-855-door@2x.png */ = {isa = PBXFileReference; lastKnownFileType = image.png; path = "sample-855-door@2x.png"; sourceTree = "<group>"; };
		424C66BD1A48FD7E00832B2C /* sample-881-globe@2x.png */ = {isa = PBXFileReference; lastKnownFileType = image.png; path = "sample-881-globe@2x.png"; sourceTree = "<group>"; };
		424C66BE1A48FD7E00832B2C /* sample-886-ice-cream-cone@2x.png */ = {isa = PBXFileReference; lastKnownFileType = image.png; path = "sample-886-ice-cream-cone@2x.png"; sourceTree = "<group>"; };
		424C66BF1A48FD7E00832B2C /* sample-894-t-shirt@2x.png */ = {isa = PBXFileReference; lastKnownFileType = image.png; path = "sample-894-t-shirt@2x.png"; sourceTree = "<group>"; };
		424C66C01A48FD7E00832B2C /* sample-908-target@2x.png */ = {isa = PBXFileReference; lastKnownFileType = image.png; path = "sample-908-target@2x.png"; sourceTree = "<group>"; };
		424C66C11A48FD7E00832B2C /* sample-920-handbag@2x.png */ = {isa = PBXFileReference; lastKnownFileType = image.png; path = "sample-920-handbag@2x.png"; sourceTree = "<group>"; };
		424C66C21A48FD7E00832B2C /* sample-935-power-socket@2x.png */ = {isa = PBXFileReference; lastKnownFileType = image.png; path = "sample-935-power-socket@2x.png"; sourceTree = "<group>"; };
		424C66C31A48FD7E00832B2C /* sample-976-bow-and-arrow@2x.png */ = {isa = PBXFileReference; lastKnownFileType = image.png; path = "sample-976-bow-and-arrow@2x.png"; sourceTree = "<group>"; };
		424C66C41A48FD7E00832B2C /* sample-986-ghost@2x.png */ = {isa = PBXFileReference; lastKnownFileType = image.png; path = "sample-986-ghost@2x.png"; sourceTree = "<group>"; };
		424C66C51A48FD7E00832B2C /* sample-1004-voicemail@2x.png */ = {isa = PBXFileReference; lastKnownFileType = image.png; path = "sample-1004-voicemail@2x.png"; sourceTree = "<group>"; };
		424C66C61A48FD7E00832B2C /* sample-1012-sticky-note@2x.png */ = {isa = PBXFileReference; lastKnownFileType = image.png; path = "sample-1012-sticky-note@2x.png"; sourceTree = "<group>"; };
		424C66C71A48FD7E00832B2C /* sample-1013-hammer@2x.png */ = {isa = PBXFileReference; lastKnownFileType = image.png; path = "sample-1013-hammer@2x.png"; sourceTree = "<group>"; };
		424C66C81A48FD7E00832B2C /* sample-1040-checkmark@2x.png */ = {isa = PBXFileReference; lastKnownFileType = image.png; path = "sample-1040-checkmark@2x.png"; sourceTree = "<group>"; };
		424C66C91A48FD7E00832B2C /* sample-1049-at-sign@2x.png */ = {isa = PBXFileReference; lastKnownFileType = image.png; path = "sample-1049-at-sign@2x.png"; sourceTree = "<group>"; };
		424C66CA1A48FD7E00832B2C /* sample-1055-ticket@2x.png */ = {isa = PBXFileReference; lastKnownFileType = image.png; path = "sample-1055-ticket@2x.png"; sourceTree = "<group>"; };
		424C66CB1A48FD7E00832B2C /* sample-1067-enter-fullscreen@2x.png */ = {isa = PBXFileReference; lastKnownFileType = image.png; path = "sample-1067-enter-fullscreen@2x.png"; sourceTree = "<group>"; };
		424C66CC1A48FD7E00832B2C /* sample-1079-fork-path@2x.png */ = {isa = PBXFileReference; lastKnownFileType = image.png; path = "sample-1079-fork-path@2x.png"; sourceTree = "<group>"; };
		424C66CD1A48FD7E00832B2C /* sample-1082-merge@2x.png */ = {isa = PBXFileReference; lastKnownFileType = image.png; path = "sample-1082-merge@2x.png"; sourceTree = "<group>"; };
		424C66CE1A48FD7E00832B2C /* sample-1093-lightning-bolt-2@2x.png */ = {isa = PBXFileReference; lastKnownFileType = image.png; path = "sample-1093-lightning-bolt-2@2x.png"; sourceTree = "<group>"; };
		424C66CF1A48FD7E00832B2C /* sample-1111-flick-left@2x.png */ = {isa = PBXFileReference; lastKnownFileType = image.png; path = "sample-1111-flick-left@2x.png"; sourceTree = "<group>"; };
		424C66D01A48FD7E00832B2C /* sample-1116-slayer-hand@2x.png */ = {isa = PBXFileReference; lastKnownFileType = image.png; path = "sample-1116-slayer-hand@2x.png"; sourceTree = "<group>"; };
		424C66D11A48FD7E00832B2C /* sample-1144-baseball-helmet@2x.png */ = {isa = PBXFileReference; lastKnownFileType = image.png; path = "sample-1144-baseball-helmet@2x.png"; sourceTree = "<group>"; };
		424C66D21A48FD7E00832B2C /* sample-1189-snake@2x.png */ = {isa = PBXFileReference; lastKnownFileType = image.png; path = "sample-1189-snake@2x.png"; sourceTree = "<group>"; };
		424C66D31A48FD7E00832B2C /* sample-1240-group-error@2x.png */ = {isa = PBXFileReference; lastKnownFileType = image.png; path = "sample-1240-group-error@2x.png"; sourceTree = "<group>"; };
/* End PBXFileReference section */

/* Begin PBXFrameworksBuildPhase section */
		424C66791A48EB8500832B2C /* Frameworks */ = {
			isa = PBXFrameworksBuildPhase;
			buildActionMask = 2147483647;
			files = (
			);
			runOnlyForDeploymentPostprocessing = 0;
		};
		424C668E1A48EB8500832B2C /* Frameworks */ = {
			isa = PBXFrameworksBuildPhase;
			buildActionMask = 2147483647;
			files = (
			);
			runOnlyForDeploymentPostprocessing = 0;
		};
/* End PBXFrameworksBuildPhase section */

/* Begin PBXGroup section */
		424C66731A48EB8500832B2C = {
			isa = PBXGroup;
			children = (
				424C667E1A48EB8500832B2C /* Storyboard Demo */,
				424C66941A48EB8500832B2C /* Storyboard DemoTests */,
				424C667D1A48EB8500832B2C /* Products */,
			);
			sourceTree = "<group>";
		};
		424C667D1A48EB8500832B2C /* Products */ = {
			isa = PBXGroup;
			children = (
				424C667C1A48EB8500832B2C /* Storyboard Demo.app */,
				424C66911A48EB8500832B2C /* Storyboard DemoTests.xctest */,
			);
			name = Products;
			sourceTree = "<group>";
		};
		424C667E1A48EB8500832B2C /* Storyboard Demo */ = {
			isa = PBXGroup;
			children = (
				424C66A11A48FD2C00832B2C /* Icons */,
				424C66811A48EB8500832B2C /* AppDelegate.swift */,
				424C66831A48EB8500832B2C /* ViewController.swift */,
				424C66851A48EB8500832B2C /* Main.storyboard */,
				424C66881A48EB8500832B2C /* Images.xcassets */,
				424C668A1A48EB8500832B2C /* LaunchScreen.xib */,
				424C667F1A48EB8500832B2C /* Supporting Files */,
			);
			path = "Storyboard Demo";
			sourceTree = "<group>";
		};
		424C667F1A48EB8500832B2C /* Supporting Files */ = {
			isa = PBXGroup;
			children = (
				424C66801A48EB8500832B2C /* Info.plist */,
			);
			name = "Supporting Files";
			sourceTree = "<group>";
		};
		424C66941A48EB8500832B2C /* Storyboard DemoTests */ = {
			isa = PBXGroup;
			children = (
				424C66971A48EB8500832B2C /* Storyboard_DemoTests.swift */,
				424C66951A48EB8500832B2C /* Supporting Files */,
			);
			path = "Storyboard DemoTests";
			sourceTree = "<group>";
		};
		424C66951A48EB8500832B2C /* Supporting Files */ = {
			isa = PBXGroup;
			children = (
				424C66961A48EB8500832B2C /* Info.plist */,
			);
			name = "Supporting Files";
			sourceTree = "<group>";
		};
		424C66A11A48FD2C00832B2C /* Icons */ = {
			isa = PBXGroup;
			children = (
				424C66A21A48FD7E00832B2C /* sample-01-refresh.png */,
				424C66A31A48FD7E00832B2C /* sample-02-redo.png */,
				424C66A41A48FD7E00832B2C /* sample-03-loopback.png */,
				424C66A51A48FD7E00832B2C /* sample-04-squiggle.png */,
				424C66A61A48FD7E00832B2C /* sample-05-shuffle.png */,
				424C66A71A48FD7E00832B2C /* sample-302-swords.png */,
				424C66A81A48FD7E00832B2C /* sample-305-palm-tree.png */,
				424C66A91A48FD7E00832B2C /* sample-307-atom.png */,
				424C66AA1A48FD7E00832B2C /* sample-316-truck.png */,
				424C66AB1A48FD7E00832B2C /* sample-321-like.png */,
				424C66AC1A48FD7E00832B2C /* sample-335-magic-wand.png */,
				424C66AD1A48FD7E00832B2C /* sample-379-barbell.png */,
				424C66AE1A48FD7E00832B2C /* sample-394-bank.png */,
				424C66AF1A48FD7E00832B2C /* sample-401-globe.png */,
				424C66B01A48FD7E00832B2C /* sample-405-test-tube.png */,
				424C66B11A48FD7E00832B2C /* sample-504-doghouse.png */,
				424C66B21A48FD7E00832B2C /* sample-518-filter.png */,
				424C66B31A48FD7E00832B2C /* sample-552-flag-1.png */,
				424C66B41A48FD7E00832B2C /* sample-583-broadcast.png */,
				424C66B51A48FD7E00832B2C /* sample-603-anchor.png */,
				424C66B61A48FD7E00832B2C /* sample-776-recycle@2x.png */,
				424C66B71A48FD7E00832B2C /* sample-820-bathtub@2x.png */,
				424C66B81A48FD7E00832B2C /* sample-821-stamp@2x.png */,
				424C66B91A48FD7E00832B2C /* sample-834-bolt@2x.png */,
				424C66BA1A48FD7E00832B2C /* sample-844-trumpet@2x.png */,
				424C66BB1A48FD7E00832B2C /* sample-853-fence@2x.png */,
				424C66BC1A48FD7E00832B2C /* sample-855-door@2x.png */,
				424C66BD1A48FD7E00832B2C /* sample-881-globe@2x.png */,
				424C66BE1A48FD7E00832B2C /* sample-886-ice-cream-cone@2x.png */,
				424C66BF1A48FD7E00832B2C /* sample-894-t-shirt@2x.png */,
				424C66C01A48FD7E00832B2C /* sample-908-target@2x.png */,
				424C66C11A48FD7E00832B2C /* sample-920-handbag@2x.png */,
				424C66C21A48FD7E00832B2C /* sample-935-power-socket@2x.png */,
				424C66C31A48FD7E00832B2C /* sample-976-bow-and-arrow@2x.png */,
				424C66C41A48FD7E00832B2C /* sample-986-ghost@2x.png */,
				424C66C51A48FD7E00832B2C /* sample-1004-voicemail@2x.png */,
				424C66C61A48FD7E00832B2C /* sample-1012-sticky-note@2x.png */,
				424C66C71A48FD7E00832B2C /* sample-1013-hammer@2x.png */,
				424C66C81A48FD7E00832B2C /* sample-1040-checkmark@2x.png */,
				424C66C91A48FD7E00832B2C /* sample-1049-at-sign@2x.png */,
				424C66CA1A48FD7E00832B2C /* sample-1055-ticket@2x.png */,
				424C66CB1A48FD7E00832B2C /* sample-1067-enter-fullscreen@2x.png */,
				424C66CC1A48FD7E00832B2C /* sample-1079-fork-path@2x.png */,
				424C66CD1A48FD7E00832B2C /* sample-1082-merge@2x.png */,
				424C66CE1A48FD7E00832B2C /* sample-1093-lightning-bolt-2@2x.png */,
				424C66CF1A48FD7E00832B2C /* sample-1111-flick-left@2x.png */,
				424C66D01A48FD7E00832B2C /* sample-1116-slayer-hand@2x.png */,
				424C66D11A48FD7E00832B2C /* sample-1144-baseball-helmet@2x.png */,
				424C66D21A48FD7E00832B2C /* sample-1189-snake@2x.png */,
				424C66D31A48FD7E00832B2C /* sample-1240-group-error@2x.png */,
			);
			name = Icons;
			sourceTree = "<group>";
		};
/* End PBXGroup section */

/* Begin PBXNativeTarget section */
		424C667B1A48EB8500832B2C /* Storyboard Demo */ = {
			isa = PBXNativeTarget;
			buildConfigurationList = 424C669B1A48EB8500832B2C /* Build configuration list for PBXNativeTarget "Storyboard Demo" */;
			buildPhases = (
				424C66781A48EB8500832B2C /* Sources */,
				424C66791A48EB8500832B2C /* Frameworks */,
				424C667A1A48EB8500832B2C /* Resources */,
			);
			buildRules = (
			);
			dependencies = (
			);
			name = "Storyboard Demo";
			productName = "Storyboard Demo";
			productReference = 424C667C1A48EB8500832B2C /* Storyboard Demo.app */;
			productType = "com.apple.product-type.application";
		};
		424C66901A48EB8500832B2C /* Storyboard DemoTests */ = {
			isa = PBXNativeTarget;
			buildConfigurationList = 424C669E1A48EB8500832B2C /* Build configuration list for PBXNativeTarget "Storyboard DemoTests" */;
			buildPhases = (
				424C668D1A48EB8500832B2C /* Sources */,
				424C668E1A48EB8500832B2C /* Frameworks */,
				424C668F1A48EB8500832B2C /* Resources */,
			);
			buildRules = (
			);
			dependencies = (
				424C66931A48EB8500832B2C /* PBXTargetDependency */,
			);
			name = "Storyboard DemoTests";
			productName = "Storyboard DemoTests";
			productReference = 424C66911A48EB8500832B2C /* Storyboard DemoTests.xctest */;
			productType = "com.apple.product-type.bundle.unit-test";
		};
/* End PBXNativeTarget section */

/* Begin PBXProject section */
		424C66741A48EB8500832B2C /* Project object */ = {
			isa = PBXProject;
			attributes = {
				LastUpgradeCheck = 0610;
				ORGANIZATIONNAME = "Lisa A Clark";
				TargetAttributes = {
					424C667B1A48EB8500832B2C = {
						CreatedOnToolsVersion = 6.1.1;
					};
					424C66901A48EB8500832B2C = {
						CreatedOnToolsVersion = 6.1.1;
						TestTargetID = 424C667B1A48EB8500832B2C;
					};
				};
			};
			buildConfigurationList = 424C66771A48EB8500832B2C /* Build configuration list for PBXProject "Storyboard Demo" */;
			compatibilityVersion = "Xcode 3.2";
			developmentRegion = English;
			hasScannedForEncodings = 0;
			knownRegions = (
				en,
				Base,
			);
			mainGroup = 424C66731A48EB8500832B2C;
			productRefGroup = 424C667D1A48EB8500832B2C /* Products */;
			projectDirPath = "";
			projectRoot = "";
			targets = (
				424C667B1A48EB8500832B2C /* Storyboard Demo */,
				424C66901A48EB8500832B2C /* Storyboard DemoTests */,
			);
		};
/* End PBXProject section */

/* Begin PBXResourcesBuildPhase section */
		424C667A1A48EB8500832B2C /* Resources */ = {
			isa = PBXResourcesBuildPhase;
			buildActionMask = 2147483647;
			files = (
				424C67031A48FD7E00832B2C /* sample-1144-baseball-helmet@2x.png in Resources */,
				424C66FB1A48FD7E00832B2C /* sample-1049-at-sign@2x.png in Resources */,
				424C66DF1A48FD7E00832B2C /* sample-379-barbell.png in Resources */,
				424C66D71A48FD7E00832B2C /* sample-04-squiggle.png in Resources */,
				424C66D51A48FD7E00832B2C /* sample-02-redo.png in Resources */,
				424C66FA1A48FD7E00832B2C /* sample-1040-checkmark@2x.png in Resources */,
				424C66F31A48FD7E00832B2C /* sample-920-handbag@2x.png in Resources */,
				424C66DA1A48FD7E00832B2C /* sample-305-palm-tree.png in Resources */,
				424C66D41A48FD7E00832B2C /* sample-01-refresh.png in Resources */,
				424C66F51A48FD7E00832B2C /* sample-976-bow-and-arrow@2x.png in Resources */,
				424C66EF1A48FD7E00832B2C /* sample-881-globe@2x.png in Resources */,
				424C66E81A48FD7E00832B2C /* sample-776-recycle@2x.png in Resources */,
				424C66871A48EB8500832B2C /* Main.storyboard in Resources */,
				424C66EC1A48FD7E00832B2C /* sample-844-trumpet@2x.png in Resources */,
				424C66D61A48FD7E00832B2C /* sample-03-loopback.png in Resources */,
				424C66DD1A48FD7E00832B2C /* sample-321-like.png in Resources */,
				424C66E11A48FD7E00832B2C /* sample-401-globe.png in Resources */,
				424C66DB1A48FD7E00832B2C /* sample-307-atom.png in Resources */,
				424C67051A48FD7E00832B2C /* sample-1240-group-error@2x.png in Resources */,
				424C668C1A48EB8500832B2C /* LaunchScreen.xib in Resources */,
				424C66F41A48FD7E00832B2C /* sample-935-power-socket@2x.png in Resources */,
				424C66F01A48FD7E00832B2C /* sample-886-ice-cream-cone@2x.png in Resources */,
				424C66EB1A48FD7E00832B2C /* sample-834-bolt@2x.png in Resources */,
				424C66E21A48FD7E00832B2C /* sample-405-test-tube.png in Resources */,
				424C66E71A48FD7E00832B2C /* sample-603-anchor.png in Resources */,
				424C66E41A48FD7E00832B2C /* sample-518-filter.png in Resources */,
				424C66F11A48FD7E00832B2C /* sample-894-t-shirt@2x.png in Resources */,
				424C66D81A48FD7E00832B2C /* sample-05-shuffle.png in Resources */,
				424C67001A48FD7E00832B2C /* sample-1093-lightning-bolt-2@2x.png in Resources */,
				424C66FE1A48FD7E00832B2C /* sample-1079-fork-path@2x.png in Resources */,
				424C66E51A48FD7E00832B2C /* sample-552-flag-1.png in Resources */,
				424C66D91A48FD7E00832B2C /* sample-302-swords.png in Resources */,
				424C67021A48FD7E00832B2C /* sample-1116-slayer-hand@2x.png in Resources */,
				424C66DE1A48FD7E00832B2C /* sample-335-magic-wand.png in Resources */,
				424C67011A48FD7E00832B2C /* sample-1111-flick-left@2x.png in Resources */,
				424C66E31A48FD7E00832B2C /* sample-504-doghouse.png in Resources */,
				424C66F21A48FD7E00832B2C /* sample-908-target@2x.png in Resources */,
				424C66FD1A48FD7E00832B2C /* sample-1067-enter-fullscreen@2x.png in Resources */,
				424C66F81A48FD7E00832B2C /* sample-1012-sticky-note@2x.png in Resources */,
				424C66E61A48FD7E00832B2C /* sample-583-broadcast.png in Resources */,
				424C66F61A48FD7E00832B2C /* sample-986-ghost@2x.png in Resources */,
				424C66F91A48FD7E00832B2C /* sample-1013-hammer@2x.png in Resources */,
				424C66EE1A48FD7E00832B2C /* sample-855-door@2x.png in Resources */,
				424C67041A48FD7E00832B2C /* sample-1189-snake@2x.png in Resources */,
				424C66DC1A48FD7E00832B2C /* sample-316-truck.png in Resources */,
				424C66FC1A48FD7E00832B2C /* sample-1055-ticket@2x.png in Resources */,
				424C66E01A48FD7E00832B2C /* sample-394-bank.png in Resources */,
				424C66E91A48FD7E00832B2C /* sample-820-bathtub@2x.png in Resources */,
				424C66EA1A48FD7E00832B2C /* sample-821-stamp@2x.png in Resources */,
				424C66ED1A48FD7E00832B2C /* sample-853-fence@2x.png in Resources */,
				424C66891A48EB8500832B2C /* Images.xcassets in Resources */,
				424C66FF1A48FD7E00832B2C /* sample-1082-merge@2x.png in Resources */,
				424C66F71A48FD7E00832B2C /* sample-1004-voicemail@2x.png in Resources */,
			);
			runOnlyForDeploymentPostprocessing = 0;
		};
		424C668F1A48EB8500832B2C /* Resources */ = {
			isa = PBXResourcesBuildPhase;
			buildActionMask = 2147483647;
			files = (
			);
			runOnlyForDeploymentPostprocessing = 0;
		};
/* End PBXResourcesBuildPhase section */

/* Begin PBXSourcesBuildPhase section */
		424C66781A48EB8500832B2C /* Sources */ = {
			isa = PBXSourcesBuildPhase;
			buildActionMask = 2147483647;
			files = (
				424C66841A48EB8500832B2C /* ViewController.swift in Sources */,
				424C66821A48EB8500832B2C /* AppDelegate.swift in Sources */,
			);
			runOnlyForDeploymentPostprocessing = 0;
		};
		424C668D1A48EB8500832B2C /* Sources */ = {
			isa = PBXSourcesBuildPhase;
			buildActionMask = 2147483647;
			files = (
				424C66981A48EB8500832B2C /* Storyboard_DemoTests.swift in Sources */,
			);
			runOnlyForDeploymentPostprocessing = 0;
		};
/* End PBXSourcesBuildPhase section */

/* Begin PBXTargetDependency section */
		424C66931A48EB8500832B2C /* PBXTargetDependency */ = {
			isa = PBXTargetDependency;
			target = 424C667B1A48EB8500832B2C /* Storyboard Demo */;
			targetProxy = 424C66921A48EB8500832B2C /* PBXContainerItemProxy */;
		};
/* End PBXTargetDependency section */

/* Begin PBXVariantGroup section */
		424C66851A48EB8500832B2C /* Main.storyboard */ = {
			isa = PBXVariantGroup;
			children = (
				424C66861A48EB8500832B2C /* Base */,
			);
			name = Main.storyboard;
			sourceTree = "<group>";
		};
		424C668A1A48EB8500832B2C /* LaunchScreen.xib */ = {
			isa = PBXVariantGroup;
			children = (
				424C668B1A48EB8500832B2C /* Base */,
			);
			name = LaunchScreen.xib;
			sourceTree = "<group>";
		};
/* End PBXVariantGroup section */

/* Begin XCBuildConfiguration section */
		424C66991A48EB8500832B2C /* Debug */ = {
			isa = XCBuildConfiguration;
			buildSettings = {
				ALWAYS_SEARCH_USER_PATHS = NO;
				CLANG_CXX_LANGUAGE_STANDARD = "gnu++0x";
				CLANG_CXX_LIBRARY = "libc++";
				CLANG_ENABLE_MODULES = YES;
				CLANG_ENABLE_OBJC_ARC = YES;
				CLANG_WARN_BOOL_CONVERSION = YES;
				CLANG_WARN_CONSTANT_CONVERSION = YES;
				CLANG_WARN_DIRECT_OBJC_ISA_USAGE = YES_ERROR;
				CLANG_WARN_EMPTY_BODY = YES;
				CLANG_WARN_ENUM_CONVERSION = YES;
				CLANG_WARN_INT_CONVERSION = YES;
				CLANG_WARN_OBJC_ROOT_CLASS = YES_ERROR;
				CLANG_WARN_UNREACHABLE_CODE = YES;
				CLANG_WARN__DUPLICATE_METHOD_MATCH = YES;
				"CODE_SIGN_IDENTITY[sdk=iphoneos*]" = "iPhone Developer";
				COPY_PHASE_STRIP = NO;
				ENABLE_STRICT_OBJC_MSGSEND = YES;
				GCC_C_LANGUAGE_STANDARD = gnu99;
				GCC_DYNAMIC_NO_PIC = NO;
				GCC_OPTIMIZATION_LEVEL = 0;
				GCC_PREPROCESSOR_DEFINITIONS = (
					"DEBUG=1",
					"$(inherited)",
				);
				GCC_SYMBOLS_PRIVATE_EXTERN = NO;
				GCC_WARN_64_TO_32_BIT_CONVERSION = YES;
				GCC_WARN_ABOUT_RETURN_TYPE = YES_ERROR;
				GCC_WARN_UNDECLARED_SELECTOR = YES;
				GCC_WARN_UNINITIALIZED_AUTOS = YES_AGGRESSIVE;
				GCC_WARN_UNUSED_FUNCTION = YES;
				GCC_WARN_UNUSED_VARIABLE = YES;
				IPHONEOS_DEPLOYMENT_TARGET = 8.1;
				MTL_ENABLE_DEBUG_INFO = YES;
				ONLY_ACTIVE_ARCH = YES;
				SDKROOT = iphoneos;
				SWIFT_OPTIMIZATION_LEVEL = "-Onone";
			};
			name = Debug;
		};
		424C669A1A48EB8500832B2C /* Release */ = {
			isa = XCBuildConfiguration;
			buildSettings = {
				ALWAYS_SEARCH_USER_PATHS = NO;
				CLANG_CXX_LANGUAGE_STANDARD = "gnu++0x";
				CLANG_CXX_LIBRARY = "libc++";
				CLANG_ENABLE_MODULES = YES;
				CLANG_ENABLE_OBJC_ARC = YES;
				CLANG_WARN_BOOL_CONVERSION = YES;
				CLANG_WARN_CONSTANT_CONVERSION = YES;
				CLANG_WARN_DIRECT_OBJC_ISA_USAGE = YES_ERROR;
				CLANG_WARN_EMPTY_BODY = YES;
				CLANG_WARN_ENUM_CONVERSION = YES;
				CLANG_WARN_INT_CONVERSION = YES;
				CLANG_WARN_OBJC_ROOT_CLASS = YES_ERROR;
				CLANG_WARN_UNREACHABLE_CODE = YES;
				CLANG_WARN__DUPLICATE_METHOD_MATCH = YES;
				"CODE_SIGN_IDENTITY[sdk=iphoneos*]" = "iPhone Developer";
				COPY_PHASE_STRIP = YES;
				ENABLE_NS_ASSERTIONS = NO;
				ENABLE_STRICT_OBJC_MSGSEND = YES;
				GCC_C_LANGUAGE_STANDARD = gnu99;
				GCC_WARN_64_TO_32_BIT_CONVERSION = YES;
				GCC_WARN_ABOUT_RETURN_TYPE = YES_ERROR;
				GCC_WARN_UNDECLARED_SELECTOR = YES;
				GCC_WARN_UNINITIALIZED_AUTOS = YES_AGGRESSIVE;
				GCC_WARN_UNUSED_FUNCTION = YES;
				GCC_WARN_UNUSED_VARIABLE = YES;
				IPHONEOS_DEPLOYMENT_TARGET = 8.1;
				MTL_ENABLE_DEBUG_INFO = NO;
				SDKROOT = iphoneos;
				VALIDATE_PRODUCT = YES;
			};
			name = Release;
		};
		424C669C1A48EB8500832B2C /* Debug */ = {
			isa = XCBuildConfiguration;
			buildSettings = {
				ASSETCATALOG_COMPILER_APPICON_NAME = AppIcon;
				INFOPLIST_FILE = "Storyboard Demo/Info.plist";
				LD_RUNPATH_SEARCH_PATHS = "$(inherited) @executable_path/Frameworks";
				PRODUCT_NAME = "$(TARGET_NAME)";
			};
			name = Debug;
		};
		424C669D1A48EB8500832B2C /* Release */ = {
			isa = XCBuildConfiguration;
			buildSettings = {
				ASSETCATALOG_COMPILER_APPICON_NAME = AppIcon;
				INFOPLIST_FILE = "Storyboard Demo/Info.plist";
				LD_RUNPATH_SEARCH_PATHS = "$(inherited) @executable_path/Frameworks";
				PRODUCT_NAME = "$(TARGET_NAME)";
			};
			name = Release;
		};
		424C669F1A48EB8500832B2C /* Debug */ = {
			isa = XCBuildConfiguration;
			buildSettings = {
				BUNDLE_LOADER = "$(TEST_HOST)";
				FRAMEWORK_SEARCH_PATHS = (
					"$(SDKROOT)/Developer/Library/Frameworks",
					"$(inherited)",
				);
				GCC_PREPROCESSOR_DEFINITIONS = (
					"DEBUG=1",
					"$(inherited)",
				);
				INFOPLIST_FILE = "Storyboard DemoTests/Info.plist";
				LD_RUNPATH_SEARCH_PATHS = "$(inherited) @executable_path/Frameworks @loader_path/Frameworks";
				PRODUCT_NAME = "$(TARGET_NAME)";
				TEST_HOST = "$(BUILT_PRODUCTS_DIR)/Storyboard Demo.app/Storyboard Demo";
			};
			name = Debug;
		};
		424C66A01A48EB8500832B2C /* Release */ = {
			isa = XCBuildConfiguration;
			buildSettings = {
				BUNDLE_LOADER = "$(TEST_HOST)";
				FRAMEWORK_SEARCH_PATHS = (
					"$(SDKROOT)/Developer/Library/Frameworks",
					"$(inherited)",
				);
				INFOPLIST_FILE = "Storyboard DemoTests/Info.plist";
				LD_RUNPATH_SEARCH_PATHS = "$(inherited) @executable_path/Frameworks @loader_path/Frameworks";
				PRODUCT_NAME = "$(TARGET_NAME)";
				TEST_HOST = "$(BUILT_PRODUCTS_DIR)/Storyboard Demo.app/Storyboard Demo";
			};
			name = Release;
		};
/* End XCBuildConfiguration section */

/* Begin XCConfigurationList section */
		424C66771A48EB8500832B2C /* Build configuration list for PBXProject "Storyboard Demo" */ = {
			isa = XCConfigurationList;
			buildConfigurations = (
				424C66991A48EB8500832B2C /* Debug */,
				424C669A1A48EB8500832B2C /* Release */,
			);
			defaultConfigurationIsVisible = 0;
			defaultConfigurationName = Release;
		};
		424C669B1A48EB8500832B2C /* Build configuration list for PBXNativeTarget "Storyboard Demo" */ = {
			isa = XCConfigurationList;
			buildConfigurations = (
				424C669C1A48EB8500832B2C /* Debug */,
				424C669D1A48EB8500832B2C /* Release */,
			);
			defaultConfigurationIsVisible = 0;
		};
		424C669E1A48EB8500832B2C /* Build configuration list for PBXNativeTarget "Storyboard DemoTests" */ = {
			isa = XCConfigurationList;
			buildConfigurations = (
				424C669F1A48EB8500832B2C /* Debug */,
				424C66A01A48EB8500832B2C /* Release */,
			);
			defaultConfigurationIsVisible = 0;
		};
/* End XCConfigurationList section */
	};
	rootObject = 424C66741A48EB8500832B2C /* Project object */;
}
