// !$*UTF8*$!
{
	archiveVersion = 1;
	classes = {
	};
	objectVersion = 46;
	objects = {

/* Begin PBXBuildFile section */
		4246742E1A79B80A0027A3D6 /* AppDelegate.swift in Sources */ = {isa = PBXBuildFile; fileRef = 4246742D1A79B80A0027A3D6 /* AppDelegate.swift */; };
		424674301A79B80A0027A3D6 /* ViewController.swift in Sources */ = {isa = PBXBuildFile; fileRef = 4246742F1A79B80A0027A3D6 /* ViewController.swift */; };
		424674331A79B80A0027A3D6 /* Main.storyboard in Resources */ = {isa = PBXBuildFile; fileRef = 424674311A79B80A0027A3D6 /* Main.storyboard */; };
		424674351A79B80A0027A3D6 /* Images.xcassets in Resources */ = {isa = PBXBuildFile; fileRef = 424674341A79B80A0027A3D6 /* Images.xcassets */; };
		424674381A79B80A0027A3D6 /* LaunchScreen.xib in Resources */ = {isa = PBXBuildFile; fileRef = 424674361A79B80A0027A3D6 /* LaunchScreen.xib */; };
		424674441A79B80A0027A3D6 /* Table_View_DemoTests.swift in Sources */ = {isa = PBXBuildFile; fileRef = 424674431A79B80A0027A3D6 /* Table_View_DemoTests.swift */; };
		4246744E1A79B8A40027A3D6 /* TableViewController.swift in Sources */ = {isa = PBXBuildFile; fileRef = 4246744D1A79B8A40027A3D6 /* TableViewController.swift */; };
		424674541A79CDFB0027A3D6 /* AddViewController.swift in Sources */ = {isa = PBXBuildFile; fileRef = 424674531A79CDFB0027A3D6 /* AddViewController.swift */; };
/* End PBXBuildFile section */

/* Begin PBXContainerItemProxy section */
		4246743E1A79B80A0027A3D6 /* PBXContainerItemProxy */ = {
			isa = PBXContainerItemProxy;
			containerPortal = 424674201A79B80A0027A3D6 /* Project object */;
			proxyType = 1;
			remoteGlobalIDString = 424674271A79B80A0027A3D6;
			remoteInfo = "Table View Demo";
		};
/* End PBXContainerItemProxy section */

/* Begin PBXFileReference section */
		424674281A79B80A0027A3D6 /* Table View Demo.app */ = {isa = PBXFileReference; explicitFileType = wrapper.application; includeInIndex = 0; path = "Table View Demo.app"; sourceTree = BUILT_PRODUCTS_DIR; };
		4246742C1A79B80A0027A3D6 /* Info.plist */ = {isa = PBXFileReference; lastKnownFileType = text.plist.xml; path = Info.plist; sourceTree = "<group>"; };
		4246742D1A79B80A0027A3D6 /* AppDelegate.swift */ = {isa = PBXFileReference; lastKnownFileType = sourcecode.swift; path = AppDelegate.swift; sourceTree = "<group>"; };
		4246742F1A79B80A0027A3D6 /* ViewController.swift */ = {isa = PBXFileReference; lastKnownFileType = sourcecode.swift; path = ViewController.swift; sourceTree = "<group>"; };
		424674321A79B80A0027A3D6 /* Base */ = {isa = PBXFileReference; lastKnownFileType = file.storyboard; name = Base; path = Base.lproj/Main.storyboard; sourceTree = "<group>"; };
		424674341A79B80A0027A3D6 /* Images.xcassets */ = {isa = PBXFileReference; lastKnownFileType = folder.assetcatalog; path = Images.xcassets; sourceTree = "<group>"; };
		424674371A79B80A0027A3D6 /* Base */ = {isa = PBXFileReference; lastKnownFileType = file.xib; name = Base; path = Base.lproj/LaunchScreen.xib; sourceTree = "<group>"; };
		4246743D1A79B80A0027A3D6 /* Table View DemoTests.xctest */ = {isa = PBXFileReference; explicitFileType = wrapper.cfbundle; includeInIndex = 0; path = "Table View DemoTests.xctest"; sourceTree = BUILT_PRODUCTS_DIR; };
		424674421A79B80A0027A3D6 /* Info.plist */ = {isa = PBXFileReference; lastKnownFileType = text.plist.xml; path = Info.plist; sourceTree = "<group>"; };
		424674431A79B80A0027A3D6 /* Table_View_DemoTests.swift */ = {isa = PBXFileReference; lastKnownFileType = sourcecode.swift; path = Table_View_DemoTests.swift; sourceTree = "<group>"; };
		4246744D1A79B8A40027A3D6 /* TableViewController.swift */ = {isa = PBXFileReference; fileEncoding = 4; lastKnownFileType = sourcecode.swift; path = TableViewController.swift; sourceTree = "<group>"; };
		424674531A79CDFB0027A3D6 /* AddViewController.swift */ = {isa = PBXFileReference; fileEncoding = 4; lastKnownFileType = sourcecode.swift; path = AddViewController.swift; sourceTree = "<group>"; };
/* End PBXFileReference section */

/* Begin PBXFrameworksBuildPhase section */
		424674251A79B80A0027A3D6 /* Frameworks */ = {
			isa = PBXFrameworksBuildPhase;
			buildActionMask = 2147483647;
			files = (
			);
			runOnlyForDeploymentPostprocessing = 0;
		};
		4246743A1A79B80A0027A3D6 /* Frameworks */ = {
			isa = PBXFrameworksBuildPhase;
			buildActionMask = 2147483647;
			files = (
			);
			runOnlyForDeploymentPostprocessing = 0;
		};
/* End PBXFrameworksBuildPhase section */

/* Begin PBXGroup section */
		4246741F1A79B80A0027A3D6 = {
			isa = PBXGroup;
			children = (
				4246742A1A79B80A0027A3D6 /* Table View Demo */,
				424674401A79B80A0027A3D6 /* Table View DemoTests */,
				424674291A79B80A0027A3D6 /* Products */,
			);
			sourceTree = "<group>";
		};
		424674291A79B80A0027A3D6 /* Products */ = {
			isa = PBXGroup;
			children = (
				424674281A79B80A0027A3D6 /* Table View Demo.app */,
				4246743D1A79B80A0027A3D6 /* Table View DemoTests.xctest */,
			);
			name = Products;
			sourceTree = "<group>";
		};
		4246742A1A79B80A0027A3D6 /* Table View Demo */ = {
			isa = PBXGroup;
			children = (
				4246742D1A79B80A0027A3D6 /* AppDelegate.swift */,
				4246742F1A79B80A0027A3D6 /* ViewController.swift */,
				424674311A79B80A0027A3D6 /* Main.storyboard */,
				424674341A79B80A0027A3D6 /* Images.xcassets */,
				424674361A79B80A0027A3D6 /* LaunchScreen.xib */,
				4246742B1A79B80A0027A3D6 /* Supporting Files */,
				4246744D1A79B8A40027A3D6 /* TableViewController.swift */,
				424674531A79CDFB0027A3D6 /* AddViewController.swift */,
			);
			path = "Table View Demo";
			sourceTree = "<group>";
		};
		4246742B1A79B80A0027A3D6 /* Supporting Files */ = {
			isa = PBXGroup;
			children = (
				4246742C1A79B80A0027A3D6 /* Info.plist */,
			);
			name = "Supporting Files";
			sourceTree = "<group>";
		};
		424674401A79B80A0027A3D6 /* Table View DemoTests */ = {
			isa = PBXGroup;
			children = (
				424674431A79B80A0027A3D6 /* Table_View_DemoTests.swift */,
				424674411A79B80A0027A3D6 /* Supporting Files */,
			);
			path = "Table View DemoTests";
			sourceTree = "<group>";
		};
		424674411A79B80A0027A3D6 /* Supporting Files */ = {
			isa = PBXGroup;
			children = (
				424674421A79B80A0027A3D6 /* Info.plist */,
			);
			name = "Supporting Files";
			sourceTree = "<group>";
		};
/* End PBXGroup section */

/* Begin PBXNativeTarget section */
		424674271A79B80A0027A3D6 /* Table View Demo */ = {
			isa = PBXNativeTarget;
			buildConfigurationList = 424674471A79B80A0027A3D6 /* Build configuration list for PBXNativeTarget "Table View Demo" */;
			buildPhases = (
				424674241A79B80A0027A3D6 /* Sources */,
				424674251A79B80A0027A3D6 /* Frameworks */,
				424674261A79B80A0027A3D6 /* Resources */,
			);
			buildRules = (
			);
			dependencies = (
			);
			name = "Table View Demo";
			productName = "Table View Demo";
			productReference = 424674281A79B80A0027A3D6 /* Table View Demo.app */;
			productType = "com.apple.product-type.application";
		};
		4246743C1A79B80A0027A3D6 /* Table View DemoTests */ = {
			isa = PBXNativeTarget;
			buildConfigurationList = 4246744A1A79B80A0027A3D6 /* Build configuration list for PBXNativeTarget "Table View DemoTests" */;
			buildPhases = (
				424674391A79B80A0027A3D6 /* Sources */,
				4246743A1A79B80A0027A3D6 /* Frameworks */,
				4246743B1A79B80A0027A3D6 /* Resources */,
			);
			buildRules = (
			);
			dependencies = (
				4246743F1A79B80A0027A3D6 /* PBXTargetDependency */,
			);
			name = "Table View DemoTests";
			productName = "Table View DemoTests";
			productReference = 4246743D1A79B80A0027A3D6 /* Table View DemoTests.xctest */;
			productType = "com.apple.product-type.bundle.unit-test";
		};
/* End PBXNativeTarget section */

/* Begin PBXProject section */
		424674201A79B80A0027A3D6 /* Project object */ = {
			isa = PBXProject;
			attributes = {
				LastUpgradeCheck = 0610;
				ORGANIZATIONNAME = "Lisa A Clark";
				TargetAttributes = {
					424674271A79B80A0027A3D6 = {
						CreatedOnToolsVersion = 6.1.1;
					};
					4246743C1A79B80A0027A3D6 = {
						CreatedOnToolsVersion = 6.1.1;
						TestTargetID = 424674271A79B80A0027A3D6;
					};
				};
			};
			buildConfigurationList = 424674231A79B80A0027A3D6 /* Build configuration list for PBXProject "Table View Demo" */;
			compatibilityVersion = "Xcode 3.2";
			developmentRegion = English;
			hasScannedForEncodings = 0;
			knownRegions = (
				en,
				Base,
			);
			mainGroup = 4246741F1A79B80A0027A3D6;
			productRefGroup = 424674291A79B80A0027A3D6 /* Products */;
			projectDirPath = "";
			projectRoot = "";
			targets = (
				424674271A79B80A0027A3D6 /* Table View Demo */,
				4246743C1A79B80A0027A3D6 /* Table View DemoTests */,
			);
		};
/* End PBXProject section */

/* Begin PBXResourcesBuildPhase section */
		424674261A79B80A0027A3D6 /* Resources */ = {
			isa = PBXResourcesBuildPhase;
			buildActionMask = 2147483647;
			files = (
				424674331A79B80A0027A3D6 /* Main.storyboard in Resources */,
				424674381A79B80A0027A3D6 /* LaunchScreen.xib in Resources */,
				424674351A79B80A0027A3D6 /* Images.xcassets in Resources */,
			);
			runOnlyForDeploymentPostprocessing = 0;
		};
		4246743B1A79B80A0027A3D6 /* Resources */ = {
			isa = PBXResourcesBuildPhase;
			buildActionMask = 2147483647;
			files = (
			);
			runOnlyForDeploymentPostprocessing = 0;
		};
/* End PBXResourcesBuildPhase section */

/* Begin PBXSourcesBuildPhase section */
		424674241A79B80A0027A3D6 /* Sources */ = {
			isa = PBXSourcesBuildPhase;
			buildActionMask = 2147483647;
			files = (
				424674301A79B80A0027A3D6 /* ViewController.swift in Sources */,
				4246744E1A79B8A40027A3D6 /* TableViewController.swift in Sources */,
				424674541A79CDFB0027A3D6 /* AddViewController.swift in Sources */,
				4246742E1A79B80A0027A3D6 /* AppDelegate.swift in Sources */,
			);
			runOnlyForDeploymentPostprocessing = 0;
		};
		424674391A79B80A0027A3D6 /* Sources */ = {
			isa = PBXSourcesBuildPhase;
			buildActionMask = 2147483647;
			files = (
				424674441A79B80A0027A3D6 /* Table_View_DemoTests.swift in Sources */,
			);
			runOnlyForDeploymentPostprocessing = 0;
		};
/* End PBXSourcesBuildPhase section */

/* Begin PBXTargetDependency section */
		4246743F1A79B80A0027A3D6 /* PBXTargetDependency */ = {
			isa = PBXTargetDependency;
			target = 424674271A79B80A0027A3D6 /* Table View Demo */;
			targetProxy = 4246743E1A79B80A0027A3D6 /* PBXContainerItemProxy */;
		};
/* End PBXTargetDependency section */

/* Begin PBXVariantGroup section */
		424674311A79B80A0027A3D6 /* Main.storyboard */ = {
			isa = PBXVariantGroup;
			children = (
				424674321A79B80A0027A3D6 /* Base */,
			);
			name = Main.storyboard;
			sourceTree = "<group>";
		};
		424674361A79B80A0027A3D6 /* LaunchScreen.xib */ = {
			isa = PBXVariantGroup;
			children = (
				424674371A79B80A0027A3D6 /* Base */,
			);
			name = LaunchScreen.xib;
			sourceTree = "<group>";
		};
/* End PBXVariantGroup section */

/* Begin XCBuildConfiguration section */
		424674451A79B80A0027A3D6 /* Debug */ = {
			isa = XCBuildConfiguration;
			buildSettings = {
				ALWAYS_SEARCH_USER_PATHS = NO;
				CLANG_CXX_LANGUAGE_STANDARD = "gnu++0x";
				CLANG_CXX_LIBRARY = "libc++";
				CLANG_ENABLE_MODULES = YES;
				CLANG_ENABLE_OBJC_ARC = YES;
				CLANG_WARN_BOOL_CONVERSION = YES;
				CLANG_WARN_CONSTANT_CONVERSION = YES;
				CLANG_WARN_DIRECT_OBJC_ISA_USAGE = YES_ERROR;
				CLANG_WARN_EMPTY_BODY = YES;
				CLANG_WARN_ENUM_CONVERSION = YES;
				CLANG_WARN_INT_CONVERSION = YES;
				CLANG_WARN_OBJC_ROOT_CLASS = YES_ERROR;
				CLANG_WARN_UNREACHABLE_CODE = YES;
				CLANG_WARN__DUPLICATE_METHOD_MATCH = YES;
				"CODE_SIGN_IDENTITY[sdk=iphoneos*]" = "iPhone Developer";
				COPY_PHASE_STRIP = NO;
				ENABLE_STRICT_OBJC_MSGSEND = YES;
				GCC_C_LANGUAGE_STANDARD = gnu99;
				GCC_DYNAMIC_NO_PIC = NO;
				GCC_OPTIMIZATION_LEVEL = 0;
				GCC_PREPROCESSOR_DEFINITIONS = (
					"DEBUG=1",
					"$(inherited)",
				);
				GCC_SYMBOLS_PRIVATE_EXTERN = NO;
				GCC_WARN_64_TO_32_BIT_CONVERSION = YES;
				GCC_WARN_ABOUT_RETURN_TYPE = YES_ERROR;
				GCC_WARN_UNDECLARED_SELECTOR = YES;
				GCC_WARN_UNINITIALIZED_AUTOS = YES_AGGRESSIVE;
				GCC_WARN_UNUSED_FUNCTION = YES;
				GCC_WARN_UNUSED_VARIABLE = YES;
				IPHONEOS_DEPLOYMENT_TARGET = 8.1;
				MTL_ENABLE_DEBUG_INFO = YES;
				ONLY_ACTIVE_ARCH = YES;
				SDKROOT = iphoneos;
				SWIFT_OPTIMIZATION_LEVEL = "-Onone";
			};
			name = Debug;
		};
		424674461A79B80A0027A3D6 /* Release */ = {
			isa = XCBuildConfiguration;
			buildSettings = {
				ALWAYS_SEARCH_USER_PATHS = NO;
				CLANG_CXX_LANGUAGE_STANDARD = "gnu++0x";
				CLANG_CXX_LIBRARY = "libc++";
				CLANG_ENABLE_MODULES = YES;
				CLANG_ENABLE_OBJC_ARC = YES;
				CLANG_WARN_BOOL_CONVERSION = YES;
				CLANG_WARN_CONSTANT_CONVERSION = YES;
				CLANG_WARN_DIRECT_OBJC_ISA_USAGE = YES_ERROR;
				CLANG_WARN_EMPTY_BODY = YES;
				CLANG_WARN_ENUM_CONVERSION = YES;
				CLANG_WARN_INT_CONVERSION = YES;
				CLANG_WARN_OBJC_ROOT_CLASS = YES_ERROR;
				CLANG_WARN_UNREACHABLE_CODE = YES;
				CLANG_WARN__DUPLICATE_METHOD_MATCH = YES;
				"CODE_SIGN_IDENTITY[sdk=iphoneos*]" = "iPhone Developer";
				COPY_PHASE_STRIP = YES;
				ENABLE_NS_ASSERTIONS = NO;
				ENABLE_STRICT_OBJC_MSGSEND = YES;
				GCC_C_LANGUAGE_STANDARD = gnu99;
				GCC_WARN_64_TO_32_BIT_CONVERSION = YES;
				GCC_WARN_ABOUT_RETURN_TYPE = YES_ERROR;
				GCC_WARN_UNDECLARED_SELECTOR = YES;
				GCC_WARN_UNINITIALIZED_AUTOS = YES_AGGRESSIVE;
				GCC_WARN_UNUSED_FUNCTION = YES;
				GCC_WARN_UNUSED_VARIABLE = YES;
				IPHONEOS_DEPLOYMENT_TARGET = 8.1;
				MTL_ENABLE_DEBUG_INFO = NO;
				SDKROOT = iphoneos;
				VALIDATE_PRODUCT = YES;
			};
			name = Release;
		};
		424674481A79B80A0027A3D6 /* Debug */ = {
			isa = XCBuildConfiguration;
			buildSettings = {
				ASSETCATALOG_COMPILER_APPICON_NAME = AppIcon;
				INFOPLIST_FILE = "Table View Demo/Info.plist";
				LD_RUNPATH_SEARCH_PATHS = "$(inherited) @executable_path/Frameworks";
				PRODUCT_NAME = "$(TARGET_NAME)";
			};
			name = Debug;
		};
		424674491A79B80A0027A3D6 /* Release */ = {
			isa = XCBuildConfiguration;
			buildSettings = {
				ASSETCATALOG_COMPILER_APPICON_NAME = AppIcon;
				INFOPLIST_FILE = "Table View Demo/Info.plist";
				LD_RUNPATH_SEARCH_PATHS = "$(inherited) @executable_path/Frameworks";
				PRODUCT_NAME = "$(TARGET_NAME)";
			};
			name = Release;
		};
		4246744B1A79B80A0027A3D6 /* Debug */ = {
			isa = XCBuildConfiguration;
			buildSettings = {
				BUNDLE_LOADER = "$(TEST_HOST)";
				FRAMEWORK_SEARCH_PATHS = (
					"$(SDKROOT)/Developer/Library/Frameworks",
					"$(inherited)",
				);
				GCC_PREPROCESSOR_DEFINITIONS = (
					"DEBUG=1",
					"$(inherited)",
				);
				INFOPLIST_FILE = "Table View DemoTests/Info.plist";
				LD_RUNPATH_SEARCH_PATHS = "$(inherited) @executable_path/Frameworks @loader_path/Frameworks";
				PRODUCT_NAME = "$(TARGET_NAME)";
				TEST_HOST = "$(BUILT_PRODUCTS_DIR)/Table View Demo.app/Table View Demo";
			};
			name = Debug;
		};
		4246744C1A79B80A0027A3D6 /* Release */ = {
			isa = XCBuildConfiguration;
			buildSettings = {
				BUNDLE_LOADER = "$(TEST_HOST)";
				FRAMEWORK_SEARCH_PATHS = (
					"$(SDKROOT)/Developer/Library/Frameworks",
					"$(inherited)",
				);
				INFOPLIST_FILE = "Table View DemoTests/Info.plist";
				LD_RUNPATH_SEARCH_PATHS = "$(inherited) @executable_path/Frameworks @loader_path/Frameworks";
				PRODUCT_NAME = "$(TARGET_NAME)";
				TEST_HOST = "$(BUILT_PRODUCTS_DIR)/Table View Demo.app/Table View Demo";
			};
			name = Release;
		};
/* End XCBuildConfiguration section */

/* Begin XCConfigurationList section */
		424674231A79B80A0027A3D6 /* Build configuration list for PBXProject "Table View Demo" */ = {
			isa = XCConfigurationList;
			buildConfigurations = (
				424674451A79B80A0027A3D6 /* Debug */,
				424674461A79B80A0027A3D6 /* Release */,
			);
			defaultConfigurationIsVisible = 0;
			defaultConfigurationName = Release;
		};
		424674471A79B80A0027A3D6 /* Build configuration list for PBXNativeTarget "Table View Demo" */ = {
			isa = XCConfigurationList;
			buildConfigurations = (
				424674481A79B80A0027A3D6 /* Debug */,
				424674491A79B80A0027A3D6 /* Release */,
			);
			defaultConfigurationIsVisible = 0;
		};
		4246744A1A79B80A0027A3D6 /* Build configuration list for PBXNativeTarget "Table View DemoTests" */ = {
			isa = XCConfigurationList;
			buildConfigurations = (
				4246744B1A79B80A0027A3D6 /* Debug */,
				4246744C1A79B80A0027A3D6 /* Release */,
			);
			defaultConfigurationIsVisible = 0;
		};
/* End XCConfigurationList section */
	};
	rootObject = 424674201A79B80A0027A3D6 /* Project object */;
}
