// !$*UTF8*$!
{
	archiveVersion = 1;
	classes = {
	};
	objectVersion = 46;
	objects = {

/* Begin PBXBuildFile section */
		4243B3661A42721400DD4A09 /* AppDelegate.swift in Sources */ = {isa = PBXBuildFile; fileRef = 4243B3651A42721400DD4A09 /* AppDelegate.swift */; };
		4243B3681A42721400DD4A09 /* ViewController.swift in Sources */ = {isa = PBXBuildFile; fileRef = 4243B3671A42721400DD4A09 /* ViewController.swift */; };
		4243B36B1A42721400DD4A09 /* Main.storyboard in Resources */ = {isa = PBXBuildFile; fileRef = 4243B3691A42721400DD4A09 /* Main.storyboard */; };
		4243B36D1A42721400DD4A09 /* Images.xcassets in Resources */ = {isa = PBXBuildFile; fileRef = 4243B36C1A42721400DD4A09 /* Images.xcassets */; };
		4243B3701A42721400DD4A09 /* LaunchScreen.xib in Resources */ = {isa = PBXBuildFile; fileRef = 4243B36E1A42721400DD4A09 /* LaunchScreen.xib */; };
		4243B37C1A42721400DD4A09 /* My_Second_AppTests.swift in Sources */ = {isa = PBXBuildFile; fileRef = 4243B37B1A42721400DD4A09 /* My_Second_AppTests.swift */; };
		4243B3861A42739600DD4A09 /* Lisa A Clark.jpg in Resources */ = {isa = PBXBuildFile; fileRef = 4243B3851A42739600DD4A09 /* Lisa A Clark.jpg */; };
/* End PBXBuildFile section */

/* Begin PBXContainerItemProxy section */
		4243B3761A42721400DD4A09 /* PBXContainerItemProxy */ = {
			isa = PBXContainerItemProxy;
			containerPortal = 4243B3581A42721400DD4A09 /* Project object */;
			proxyType = 1;
			remoteGlobalIDString = 4243B35F1A42721400DD4A09;
			remoteInfo = "My Second App";
		};
/* End PBXContainerItemProxy section */

/* Begin PBXFileReference section */
		4243B3601A42721400DD4A09 /* My Second App.app */ = {isa = PBXFileReference; explicitFileType = wrapper.application; includeInIndex = 0; path = "My Second App.app"; sourceTree = BUILT_PRODUCTS_DIR; };
		4243B3641A42721400DD4A09 /* Info.plist */ = {isa = PBXFileReference; lastKnownFileType = text.plist.xml; path = Info.plist; sourceTree = "<group>"; };
		4243B3651A42721400DD4A09 /* AppDelegate.swift */ = {isa = PBXFileReference; lastKnownFileType = sourcecode.swift; path = AppDelegate.swift; sourceTree = "<group>"; };
		4243B3671A42721400DD4A09 /* ViewController.swift */ = {isa = PBXFileReference; lastKnownFileType = sourcecode.swift; path = ViewController.swift; sourceTree = "<group>"; };
		4243B36A1A42721400DD4A09 /* Base */ = {isa = PBXFileReference; lastKnownFileType = file.storyboard; name = Base; path = Base.lproj/Main.storyboard; sourceTree = "<group>"; };
		4243B36C1A42721400DD4A09 /* Images.xcassets */ = {isa = PBXFileReference; lastKnownFileType = folder.assetcatalog; path = Images.xcassets; sourceTree = "<group>"; };
		4243B36F1A42721400DD4A09 /* Base */ = {isa = PBXFileReference; lastKnownFileType = file.xib; name = Base; path = Base.lproj/LaunchScreen.xib; sourceTree = "<group>"; };
		4243B3751A42721400DD4A09 /* My Second AppTests.xctest */ = {isa = PBXFileReference; explicitFileType = wrapper.cfbundle; includeInIndex = 0; path = "My Second AppTests.xctest"; sourceTree = BUILT_PRODUCTS_DIR; };
		4243B37A1A42721400DD4A09 /* Info.plist */ = {isa = PBXFileReference; lastKnownFileType = text.plist.xml; path = Info.plist; sourceTree = "<group>"; };
		4243B37B1A42721400DD4A09 /* My_Second_AppTests.swift */ = {isa = PBXFileReference; lastKnownFileType = sourcecode.swift; path = My_Second_AppTests.swift; sourceTree = "<group>"; };
		4243B3851A42739600DD4A09 /* Lisa A Clark.jpg */ = {isa = PBXFileReference; lastKnownFileType = image.jpeg; path = "Lisa A Clark.jpg"; sourceTree = "<group>"; };
/* End PBXFileReference section */

/* Begin PBXFrameworksBuildPhase section */
		4243B35D1A42721400DD4A09 /* Frameworks */ = {
			isa = PBXFrameworksBuildPhase;
			buildActionMask = 2147483647;
			files = (
			);
			runOnlyForDeploymentPostprocessing = 0;
		};
		4243B3721A42721400DD4A09 /* Frameworks */ = {
			isa = PBXFrameworksBuildPhase;
			buildActionMask = 2147483647;
			files = (
			);
			runOnlyForDeploymentPostprocessing = 0;
		};
/* End PBXFrameworksBuildPhase section */

/* Begin PBXGroup section */
		4243B3571A42721400DD4A09 = {
			isa = PBXGroup;
			children = (
				4243B3621A42721400DD4A09 /* My Second App */,
				4243B3781A42721400DD4A09 /* My Second AppTests */,
				4243B3611A42721400DD4A09 /* Products */,
			);
			sourceTree = "<group>";
		};
		4243B3611A42721400DD4A09 /* Products */ = {
			isa = PBXGroup;
			children = (
				4243B3601A42721400DD4A09 /* My Second App.app */,
				4243B3751A42721400DD4A09 /* My Second AppTests.xctest */,
			);
			name = Products;
			sourceTree = "<group>";
		};
		4243B3621A42721400DD4A09 /* My Second App */ = {
			isa = PBXGroup;
			children = (
				4243B3651A42721400DD4A09 /* AppDelegate.swift */,
				4243B3671A42721400DD4A09 /* ViewController.swift */,
				4243B3691A42721400DD4A09 /* Main.storyboard */,
				4243B3851A42739600DD4A09 /* Lisa A Clark.jpg */,
				4243B36C1A42721400DD4A09 /* Images.xcassets */,
				4243B36E1A42721400DD4A09 /* LaunchScreen.xib */,
				4243B3631A42721400DD4A09 /* Supporting Files */,
			);
			path = "My Second App";
			sourceTree = "<group>";
		};
		4243B3631A42721400DD4A09 /* Supporting Files */ = {
			isa = PBXGroup;
			children = (
				4243B3641A42721400DD4A09 /* Info.plist */,
			);
			name = "Supporting Files";
			sourceTree = "<group>";
		};
		4243B3781A42721400DD4A09 /* My Second AppTests */ = {
			isa = PBXGroup;
			children = (
				4243B37B1A42721400DD4A09 /* My_Second_AppTests.swift */,
				4243B3791A42721400DD4A09 /* Supporting Files */,
			);
			path = "My Second AppTests";
			sourceTree = "<group>";
		};
		4243B3791A42721400DD4A09 /* Supporting Files */ = {
			isa = PBXGroup;
			children = (
				4243B37A1A42721400DD4A09 /* Info.plist */,
			);
			name = "Supporting Files";
			sourceTree = "<group>";
		};
/* End PBXGroup section */

/* Begin PBXNativeTarget section */
		4243B35F1A42721400DD4A09 /* My Second App */ = {
			isa = PBXNativeTarget;
			buildConfigurationList = 4243B37F1A42721400DD4A09 /* Build configuration list for PBXNativeTarget "My Second App" */;
			buildPhases = (
				4243B35C1A42721400DD4A09 /* Sources */,
				4243B35D1A42721400DD4A09 /* Frameworks */,
				4243B35E1A42721400DD4A09 /* Resources */,
			);
			buildRules = (
			);
			dependencies = (
			);
			name = "My Second App";
			productName = "My Second App";
			productReference = 4243B3601A42721400DD4A09 /* My Second App.app */;
			productType = "com.apple.product-type.application";
		};
		4243B3741A42721400DD4A09 /* My Second AppTests */ = {
			isa = PBXNativeTarget;
			buildConfigurationList = 4243B3821A42721400DD4A09 /* Build configuration list for PBXNativeTarget "My Second AppTests" */;
			buildPhases = (
				4243B3711A42721400DD4A09 /* Sources */,
				4243B3721A42721400DD4A09 /* Frameworks */,
				4243B3731A42721400DD4A09 /* Resources */,
			);
			buildRules = (
			);
			dependencies = (
				4243B3771A42721400DD4A09 /* PBXTargetDependency */,
			);
			name = "My Second AppTests";
			productName = "My Second AppTests";
			productReference = 4243B3751A42721400DD4A09 /* My Second AppTests.xctest */;
			productType = "com.apple.product-type.bundle.unit-test";
		};
/* End PBXNativeTarget section */

/* Begin PBXProject section */
		4243B3581A42721400DD4A09 /* Project object */ = {
			isa = PBXProject;
			attributes = {
				LastUpgradeCheck = 0610;
				ORGANIZATIONNAME = "Lisa A Clark";
				TargetAttributes = {
					4243B35F1A42721400DD4A09 = {
						CreatedOnToolsVersion = 6.1.1;
					};
					4243B3741A42721400DD4A09 = {
						CreatedOnToolsVersion = 6.1.1;
						TestTargetID = 4243B35F1A42721400DD4A09;
					};
				};
			};
			buildConfigurationList = 4243B35B1A42721400DD4A09 /* Build configuration list for PBXProject "My Second App" */;
			compatibilityVersion = "Xcode 3.2";
			developmentRegion = English;
			hasScannedForEncodings = 0;
			knownRegions = (
				en,
				Base,
			);
			mainGroup = 4243B3571A42721400DD4A09;
			productRefGroup = 4243B3611A42721400DD4A09 /* Products */;
			projectDirPath = "";
			projectRoot = "";
			targets = (
				4243B35F1A42721400DD4A09 /* My Second App */,
				4243B3741A42721400DD4A09 /* My Second AppTests */,
			);
		};
/* End PBXProject section */

/* Begin PBXResourcesBuildPhase section */
		4243B35E1A42721400DD4A09 /* Resources */ = {
			isa = PBXResourcesBuildPhase;
			buildActionMask = 2147483647;
			files = (
				4243B36B1A42721400DD4A09 /* Main.storyboard in Resources */,
				4243B3701A42721400DD4A09 /* LaunchScreen.xib in Resources */,
				4243B3861A42739600DD4A09 /* Lisa A Clark.jpg in Resources */,
				4243B36D1A42721400DD4A09 /* Images.xcassets in Resources */,
			);
			runOnlyForDeploymentPostprocessing = 0;
		};
		4243B3731A42721400DD4A09 /* Resources */ = {
			isa = PBXResourcesBuildPhase;
			buildActionMask = 2147483647;
			files = (
			);
			runOnlyForDeploymentPostprocessing = 0;
		};
/* End PBXResourcesBuildPhase section */

/* Begin PBXSourcesBuildPhase section */
		4243B35C1A42721400DD4A09 /* Sources */ = {
			isa = PBXSourcesBuildPhase;
			buildActionMask = 2147483647;
			files = (
				4243B3681A42721400DD4A09 /* ViewController.swift in Sources */,
				4243B3661A42721400DD4A09 /* AppDelegate.swift in Sources */,
			);
			runOnlyForDeploymentPostprocessing = 0;
		};
		4243B3711A42721400DD4A09 /* Sources */ = {
			isa = PBXSourcesBuildPhase;
			buildActionMask = 2147483647;
			files = (
				4243B37C1A42721400DD4A09 /* My_Second_AppTests.swift in Sources */,
			);
			runOnlyForDeploymentPostprocessing = 0;
		};
/* End PBXSourcesBuildPhase section */

/* Begin PBXTargetDependency section */
		4243B3771A42721400DD4A09 /* PBXTargetDependency */ = {
			isa = PBXTargetDependency;
			target = 4243B35F1A42721400DD4A09 /* My Second App */;
			targetProxy = 4243B3761A42721400DD4A09 /* PBXContainerItemProxy */;
		};
/* End PBXTargetDependency section */

/* Begin PBXVariantGroup section */
		4243B3691A42721400DD4A09 /* Main.storyboard */ = {
			isa = PBXVariantGroup;
			children = (
				4243B36A1A42721400DD4A09 /* Base */,
			);
			name = Main.storyboard;
			sourceTree = "<group>";
		};
		4243B36E1A42721400DD4A09 /* LaunchScreen.xib */ = {
			isa = PBXVariantGroup;
			children = (
				4243B36F1A42721400DD4A09 /* Base */,
			);
			name = LaunchScreen.xib;
			sourceTree = "<group>";
		};
/* End PBXVariantGroup section */

/* Begin XCBuildConfiguration section */
		4243B37D1A42721400DD4A09 /* Debug */ = {
			isa = XCBuildConfiguration;
			buildSettings = {
				ALWAYS_SEARCH_USER_PATHS = NO;
				CLANG_CXX_LANGUAGE_STANDARD = "gnu++0x";
				CLANG_CXX_LIBRARY = "libc++";
				CLANG_ENABLE_MODULES = YES;
				CLANG_ENABLE_OBJC_ARC = YES;
				CLANG_WARN_BOOL_CONVERSION = YES;
				CLANG_WARN_CONSTANT_CONVERSION = YES;
				CLANG_WARN_DIRECT_OBJC_ISA_USAGE = YES_ERROR;
				CLANG_WARN_EMPTY_BODY = YES;
				CLANG_WARN_ENUM_CONVERSION = YES;
				CLANG_WARN_INT_CONVERSION = YES;
				CLANG_WARN_OBJC_ROOT_CLASS = YES_ERROR;
				CLANG_WARN_UNREACHABLE_CODE = YES;
				CLANG_WARN__DUPLICATE_METHOD_MATCH = YES;
				"CODE_SIGN_IDENTITY[sdk=iphoneos*]" = "iPhone Developer";
				COPY_PHASE_STRIP = NO;
				ENABLE_STRICT_OBJC_MSGSEND = YES;
				GCC_C_LANGUAGE_STANDARD = gnu99;
				GCC_DYNAMIC_NO_PIC = NO;
				GCC_OPTIMIZATION_LEVEL = 0;
				GCC_PREPROCESSOR_DEFINITIONS = (
					"DEBUG=1",
					"$(inherited)",
				);
				GCC_SYMBOLS_PRIVATE_EXTERN = NO;
				GCC_WARN_64_TO_32_BIT_CONVERSION = YES;
				GCC_WARN_ABOUT_RETURN_TYPE = YES_ERROR;
				GCC_WARN_UNDECLARED_SELECTOR = YES;
				GCC_WARN_UNINITIALIZED_AUTOS = YES_AGGRESSIVE;
				GCC_WARN_UNUSED_FUNCTION = YES;
				GCC_WARN_UNUSED_VARIABLE = YES;
				IPHONEOS_DEPLOYMENT_TARGET = 8.1;
				MTL_ENABLE_DEBUG_INFO = YES;
				ONLY_ACTIVE_ARCH = YES;
				SDKROOT = iphoneos;
				SWIFT_OPTIMIZATION_LEVEL = "-Onone";
				TARGETED_DEVICE_FAMILY = "1,2";
			};
			name = Debug;
		};
		4243B37E1A42721400DD4A09 /* Release */ = {
			isa = XCBuildConfiguration;
			buildSettings = {
				ALWAYS_SEARCH_USER_PATHS = NO;
				CLANG_CXX_LANGUAGE_STANDARD = "gnu++0x";
				CLANG_CXX_LIBRARY = "libc++";
				CLANG_ENABLE_MODULES = YES;
				CLANG_ENABLE_OBJC_ARC = YES;
				CLANG_WARN_BOOL_CONVERSION = YES;
				CLANG_WARN_CONSTANT_CONVERSION = YES;
				CLANG_WARN_DIRECT_OBJC_ISA_USAGE = YES_ERROR;
				CLANG_WARN_EMPTY_BODY = YES;
				CLANG_WARN_ENUM_CONVERSION = YES;
				CLANG_WARN_INT_CONVERSION = YES;
				CLANG_WARN_OBJC_ROOT_CLASS = YES_ERROR;
				CLANG_WARN_UNREACHABLE_CODE = YES;
				CLANG_WARN__DUPLICATE_METHOD_MATCH = YES;
				"CODE_SIGN_IDENTITY[sdk=iphoneos*]" = "iPhone Developer";
				COPY_PHASE_STRIP = YES;
				ENABLE_NS_ASSERTIONS = NO;
				ENABLE_STRICT_OBJC_MSGSEND = YES;
				GCC_C_LANGUAGE_STANDARD = gnu99;
				GCC_WARN_64_TO_32_BIT_CONVERSION = YES;
				GCC_WARN_ABOUT_RETURN_TYPE = YES_ERROR;
				GCC_WARN_UNDECLARED_SELECTOR = YES;
				GCC_WARN_UNINITIALIZED_AUTOS = YES_AGGRESSIVE;
				GCC_WARN_UNUSED_FUNCTION = YES;
				GCC_WARN_UNUSED_VARIABLE = YES;
				IPHONEOS_DEPLOYMENT_TARGET = 8.1;
				MTL_ENABLE_DEBUG_INFO = NO;
				SDKROOT = iphoneos;
				TARGETED_DEVICE_FAMILY = "1,2";
				VALIDATE_PRODUCT = YES;
			};
			name = Release;
		};
		4243B3801A42721400DD4A09 /* Debug */ = {
			isa = XCBuildConfiguration;
			buildSettings = {
				ASSETCATALOG_COMPILER_APPICON_NAME = AppIcon;
				INFOPLIST_FILE = "My Second App/Info.plist";
				LD_RUNPATH_SEARCH_PATHS = "$(inherited) @executable_path/Frameworks";
				PRODUCT_NAME = "$(TARGET_NAME)";
			};
			name = Debug;
		};
		4243B3811A42721400DD4A09 /* Release */ = {
			isa = XCBuildConfiguration;
			buildSettings = {
				ASSETCATALOG_COMPILER_APPICON_NAME = AppIcon;
				INFOPLIST_FILE = "My Second App/Info.plist";
				LD_RUNPATH_SEARCH_PATHS = "$(inherited) @executable_path/Frameworks";
				PRODUCT_NAME = "$(TARGET_NAME)";
			};
			name = Release;
		};
		4243B3831A42721400DD4A09 /* Debug */ = {
			isa = XCBuildConfiguration;
			buildSettings = {
				BUNDLE_LOADER = "$(TEST_HOST)";
				FRAMEWORK_SEARCH_PATHS = (
					"$(SDKROOT)/Developer/Library/Frameworks",
					"$(inherited)",
				);
				GCC_PREPROCESSOR_DEFINITIONS = (
					"DEBUG=1",
					"$(inherited)",
				);
				INFOPLIST_FILE = "My Second AppTests/Info.plist";
				LD_RUNPATH_SEARCH_PATHS = "$(inherited) @executable_path/Frameworks @loader_path/Frameworks";
				PRODUCT_NAME = "$(TARGET_NAME)";
				TEST_HOST = "$(BUILT_PRODUCTS_DIR)/My Second App.app/My Second App";
			};
			name = Debug;
		};
		4243B3841A42721400DD4A09 /* Release */ = {
			isa = XCBuildConfiguration;
			buildSettings = {
				BUNDLE_LOADER = "$(TEST_HOST)";
				FRAMEWORK_SEARCH_PATHS = (
					"$(SDKROOT)/Developer/Library/Frameworks",
					"$(inherited)",
				);
				INFOPLIST_FILE = "My Second AppTests/Info.plist";
				LD_RUNPATH_SEARCH_PATHS = "$(inherited) @executable_path/Frameworks @loader_path/Frameworks";
				PRODUCT_NAME = "$(TARGET_NAME)";
				TEST_HOST = "$(BUILT_PRODUCTS_DIR)/My Second App.app/My Second App";
			};
			name = Release;
		};
/* End XCBuildConfiguration section */

/* Begin XCConfigurationList section */
		4243B35B1A42721400DD4A09 /* Build configuration list for PBXProject "My Second App" */ = {
			isa = XCConfigurationList;
			buildConfigurations = (
				4243B37D1A42721400DD4A09 /* Debug */,
				4243B37E1A42721400DD4A09 /* Release */,
			);
			defaultConfigurationIsVisible = 0;
			defaultConfigurationName = Release;
		};
		4243B37F1A42721400DD4A09 /* Build configuration list for PBXNativeTarget "My Second App" */ = {
			isa = XCConfigurationList;
			buildConfigurations = (
				4243B3801A42721400DD4A09 /* Debug */,
				4243B3811A42721400DD4A09 /* Release */,
			);
			defaultConfigurationIsVisible = 0;
		};
		4243B3821A42721400DD4A09 /* Build configuration list for PBXNativeTarget "My Second AppTests" */ = {
			isa = XCConfigurationList;
			buildConfigurations = (
				4243B3831A42721400DD4A09 /* Debug */,
				4243B3841A42721400DD4A09 /* Release */,
			);
			defaultConfigurationIsVisible = 0;
		};
/* End XCConfigurationList section */
	};
	rootObject = 4243B3581A42721400DD4A09 /* Project object */;
}
